
Microsoft Visual Studio Solution File, Format Version 12.00
# Visual Studio 15
VisualStudioVersion = 15.0.26430.16
MinimumVisualStudioVersion = 10.0.40219.1
Project("{FAE04EC0-301F-11D3-BF4B-00C04F79EFBC}") = "Ch14Ex01", "Ch14Ex01\Ch14Ex01.csproj", "{637CD214-5F31-4A91-9542-5963E9473B61}"
EndProject
Global
	GlobalSection(SolutionConfigurationPlatforms) = preSolution
		Debug|Any CPU = Debug|Any CPU
		Release|Any CPU = Release|Any CPU
	EndGlobalSection
	GlobalSection(ProjectConfigurationPlatforms) = postSolution
		{637CD214-5F31-4A91-9542-5963E9473B61}.Debug|Any CPU.ActiveCfg = Debug|Any CPU
		{637CD214-5F31-4A91-9542-5963E9473B61}.Debug|Any CPU.Build.0 = Debug|Any CPU
		{637CD214-5F31-4A91-9542-5963E9473B61}.Release|Any CPU.ActiveCfg = Release|Any CPU
		{637CD214-5F31-4A91-9542-5963E9473B61}.Release|Any CPU.Build.0 = Release|Any CPU
	EndGlobalSection
	GlobalSection(SolutionProperties) = preSolution
		HideSolutionNode = FALSE
	EndGlobalSection
EndGlobal
