
Microsoft Visual Studio Solution File, Format Version 12.00
# Visual Studio 15
VisualStudioVersion = 15.0.26430.13
MinimumVisualStudioVersion = 10.0.40219.1
Project("{FAE04EC0-301F-11D3-BF4B-00C04F79EFBC}") = "Ch05Ex04", "Ch05Ex04\Ch05Ex04.csproj", "{1A8D51F5-9844-4A33-AE28-E8AB3F6F480B}"
EndProject
Global
	GlobalSection(SolutionConfigurationPlatforms) = preSolution
		Debug|Any CPU = Debug|Any CPU
		Release|Any CPU = Release|Any CPU
	EndGlobalSection
	GlobalSection(ProjectConfigurationPlatforms) = postSolution
		{1A8D51F5-9844-4A33-AE28-E8AB3F6F480B}.Debug|Any CPU.ActiveCfg = Debug|Any CPU
		{1A8D51F5-9844-4A33-AE28-E8AB3F6F480B}.Debug|Any CPU.Build.0 = Debug|Any CPU
		{1A8D51F5-9844-4A33-AE28-E8AB3F6F480B}.Release|Any CPU.ActiveCfg = Release|Any CPU
		{1A8D51F5-9844-4A33-AE28-E8AB3F6F480B}.Release|Any CPU.Build.0 = Release|Any CPU
	EndGlobalSection
	GlobalSection(SolutionProperties) = preSolution
		HideSolutionNode = FALSE
	EndGlobalSection
EndGlobal
