
Microsoft Visual Studio Solution File, Format Version 12.00
# Visual Studio 15
VisualStudioVersion = 15.0.27130.2010
MinimumVisualStudioVersion = 10.0.40219.1
Project("{FAE04EC0-301F-11D3-BF4B-00C04F79EFBC}") = "BeginningCSharp7", "BeginningCSharp7\BeginningCSharp7.csproj", "{8A7EFE94-8099-47A8-B117-163D7878EB8F}"
EndProject
Project("{2150E333-8FDC-42A3-9474-1A3956D46DE8}") = "Chapter02", "Chapter02", "{927DB87C-9EB4-4EB9-A7E2-C52D2E5F0FF2}"
EndProject
Project("{FAE04EC0-301F-11D3-BF4B-00C04F79EFBC}") = "ConsoleApplication1", "..\Chapter02\ConsoleApplication1\ConsoleApplication1\ConsoleApplication1.csproj", "{AB6C570E-1C83-463D-9FC1-33A146E429D4}"
EndProject
Project("{FAE04EC0-301F-11D3-BF4B-00C04F79EFBC}") = "WpfApplication1", "..\Chapter02\WpfApplication1\WpfApplication1\WpfApplication1.csproj", "{09B77ADF-BF48-40F4-A46F-5B88E2CB369C}"
EndProject
Project("{2150E333-8FDC-42A3-9474-1A3956D46DE8}") = "Chapter03", "Chapter03", "{271B96BB-DD11-4F35-A91A-1C137ACEC19E}"
EndProject
Project("{FAE04EC0-301F-11D3-BF4B-00C04F79EFBC}") = "Ch03Ex01", "..\Chapter03\Ch03Ex01\Ch03Ex01\Ch03Ex01.csproj", "{0554BE79-7DEA-4DAC-900D-415AAD3660D5}"
EndProject
Project("{FAE04EC0-301F-11D3-BF4B-00C04F79EFBC}") = "Ch03Ex02", "..\Chapter03\Ch03Ex02\Ch03Ex02\Ch03Ex02.csproj", "{E41310F2-69B7-4D2D-A04C-F650970F619E}"
EndProject
Project("{2150E333-8FDC-42A3-9474-1A3956D46DE8}") = "Chapter04", "Chapter04", "{C7D66BC2-0034-485E-8830-404D1CF0194B}"
EndProject
Project("{FAE04EC0-301F-11D3-BF4B-00C04F79EFBC}") = "Ch04Ex01", "..\Chapter04\Ch04Ex01\Ch04Ex01\Ch04Ex01.csproj", "{7AFAE8E5-D94B-4694-ADC0-79750F6270E1}"
EndProject
Project("{FAE04EC0-301F-11D3-BF4B-00C04F79EFBC}") = "Ch04Ex02", "..\Chapter04\Ch04Ex02\Ch04Ex02\Ch04Ex02.csproj", "{B25DB790-CFAB-4B84-882B-DB1868212944}"
EndProject
Project("{FAE04EC0-301F-11D3-BF4B-00C04F79EFBC}") = "Ch04Ex03", "..\Chapter04\Ch04Ex03\Ch04Ex03\Ch04Ex03.csproj", "{689FB4DA-A08E-4A86-B77F-7FE88459B9D6}"
EndProject
Project("{FAE04EC0-301F-11D3-BF4B-00C04F79EFBC}") = "Ch04Ex04", "..\Chapter04\Ch04Ex04\Ch04Ex04\Ch04Ex04.csproj", "{688627FB-A814-4176-BBC6-26806FB32E0B}"
EndProject
Project("{FAE04EC0-301F-11D3-BF4B-00C04F79EFBC}") = "Ch04Ex05", "..\Chapter04\Ch04Ex05\Ch04Ex05\Ch04Ex05.csproj", "{0E2C233B-5BBB-404A-A6EE-AB6521E4CFA6}"
EndProject
Project("{2150E333-8FDC-42A3-9474-1A3956D46DE8}") = "Chapter05", "Chapter05", "{70E6E914-6C81-4077-AD38-5FF0CD5E94F4}"
EndProject
Project("{FAE04EC0-301F-11D3-BF4B-00C04F79EFBC}") = "Ch05Ex01", "..\Chapter05\Ch05Ex01\Ch05Ex01\Ch05Ex01.csproj", "{04525702-1467-41A7-BB60-CC73DFA8430B}"
EndProject
Project("{FAE04EC0-301F-11D3-BF4B-00C04F79EFBC}") = "Ch05Ex02", "..\Chapter05\Ch05Ex02\Ch05Ex02\Ch05Ex02.csproj", "{2905B5C8-778E-4921-AFD2-7C25738932F7}"
EndProject
Project("{FAE04EC0-301F-11D3-BF4B-00C04F79EFBC}") = "Ch05Ex03", "..\Chapter05\Ch05Ex03\Ch05Ex03\Ch05Ex03.csproj", "{EC1C2940-1F52-4DC1-9AEE-D2D7C168493C}"
EndProject
Project("{FAE04EC0-301F-11D3-BF4B-00C04F79EFBC}") = "Ch05Ex04", "..\Chapter05\Ch05Ex04\Ch05Ex04\Ch05Ex04.csproj", "{1A8D51F5-9844-4A33-AE28-E8AB3F6F480B}"
EndProject
Project("{FAE04EC0-301F-11D3-BF4B-00C04F79EFBC}") = "Ch05Ex05", "..\Chapter05\Ch05Ex05\Ch05Ex05\Ch05Ex05.csproj", "{28632EA2-82DA-4F4A-962D-1900598E133F}"
EndProject
Project("{FAE04EC0-301F-11D3-BF4B-00C04F79EFBC}") = "Ch05Ex06", "..\Chapter05\Ch05Ex06\Ch05Ex06.csproj", "{FDA78CE0-D605-4CE0-84BF-D98AA6D02CE9}"
EndProject
Project("{FAE04EC0-301F-11D3-BF4B-00C04F79EFBC}") = "OverflowCheckingContext", "..\Chapter05\OverflowCheckingContext\OverflowCheckingContext\OverflowCheckingContext.csproj", "{4A311B97-3A45-4487-B971-18CEC567C587}"
EndProject
Project("{2150E333-8FDC-42A3-9474-1A3956D46DE8}") = "Chapter06", "Chapter06", "{4EA6A34D-E4D6-4BDE-8B79-C7C73DF37BF0}"
EndProject
Project("{FAE04EC0-301F-11D3-BF4B-00C04F79EFBC}") = "Ch06Ex01", "..\Chapter06\Ch06Ex01\Ch06Ex01.csproj", "{38C207D2-EC4D-412C-BDB7-6ECDD7893B94}"
EndProject
Project("{FAE04EC0-301F-11D3-BF4B-00C04F79EFBC}") = "Ch06Ex02", "..\Chapter06\Ch06Ex02\Ch06Ex02.csproj", "{570407C1-6109-4570-8E4C-0C43F69674BF}"
EndProject
Project("{FAE04EC0-301F-11D3-BF4B-00C04F79EFBC}") = "Ch06Ex03", "..\Chapter06\Ch06Ex03\Ch06Ex03.csproj", "{BC2C37C6-5DB2-48AF-8E47-B4826E2A5BA2}"
EndProject
Project("{FAE04EC0-301F-11D3-BF4B-00C04F79EFBC}") = "Ch06Ex04", "..\Chapter06\Ch06Ex04\Ch06Ex04.csproj", "{1355DC6E-BB81-40F3-8DF7-A2141AE87635}"
EndProject
Project("{FAE04EC0-301F-11D3-BF4B-00C04F79EFBC}") = "Ch06Ex05", "..\Chapter06\Ch06Ex05\Ch06Ex05.csproj", "{FFF24DE5-4E3D-4EAE-8060-3AF1DA97A80E}"
EndProject
Project("{FAE04EC0-301F-11D3-BF4B-00C04F79EFBC}") = "MaxValueOverloads", "..\Chapter06\MaxValueOverloads\MaxValueOverloads.csproj", "{7AD14837-F657-4E4F-9944-97A9122DC4BD}"
EndProject
Project("{FAE04EC0-301F-11D3-BF4B-00C04F79EFBC}") = "VariableScopeInLoops", "..\Chapter06\VariableScopeInLoops\VariableScopeInLoops.csproj", "{AA6400CA-C237-4810-8B6C-28D8C0CC53DC}"
EndProject
Project("{2150E333-8FDC-42A3-9474-1A3956D46DE8}") = "Chapter07", "Chapter07", "{0C84FE8A-3AA7-43FA-B2CD-87B39AACB691}"
EndProject
Project("{FAE04EC0-301F-11D3-BF4B-00C04F79EFBC}") = "AssertionDemo", "..\Chapter07\AssertionDemo\AssertionDemo.csproj", "{E054C875-D94B-4606-96A7-44A188D746FA}"
EndProject
Project("{FAE04EC0-301F-11D3-BF4B-00C04F79EFBC}") = "Ch07Ex01", "..\Chapter07\Ch07Ex01\Ch07Ex01.csproj", "{C551D9D7-97F6-4407-959B-86AFC44D050B}"
EndProject
Project("{FAE04EC0-301F-11D3-BF4B-00C04F79EFBC}") = "Ch07Ex01TracePoints", "..\Chapter07\Ch07Ex01TracePoints\Ch07Ex01TracePoints.csproj", "{F5E39C8E-30E4-4D89-BACF-7C2DADA0108D}"
EndProject
Project("{FAE04EC0-301F-11D3-BF4B-00C04F79EFBC}") = "Ch07Ex02", "..\Chapter07\Ch07Ex02\Ch07Ex02.csproj", "{47B58924-B2DB-47DA-9909-022CDE6ADB85}"
EndProject
Project("{2150E333-8FDC-42A3-9474-1A3956D46DE8}") = "Chapter09", "Chapter09", "{A2C7283F-B454-4BB8-B950-D20600517CBB}"
EndProject
Project("{FAE04EC0-301F-11D3-BF4B-00C04F79EFBC}") = "Ch09ClassLib", "..\Chapter09\Ch09ClassLib\Ch09ClassLib.csproj", "{D43FA8AD-D43D-417C-B26A-D37A3D281278}"
EndProject
Project("{FAE04EC0-301F-11D3-BF4B-00C04F79EFBC}") = "Ch09Ex01", "..\Chapter09\Ch09Ex01\Ch09Ex01.csproj", "{ECB1FBCD-A5F1-4D0F-B55C-87923A1C282C}"
EndProject
Project("{FAE04EC0-301F-11D3-BF4B-00C04F79EFBC}") = "Ch09Ex02", "..\Chapter09\Ch09Ex02\Ch09Ex02.csproj", "{04F6F2FC-F72F-4372-BB21-27210380DD53}"
EndProject
Project("{FAE04EC0-301F-11D3-BF4B-00C04F79EFBC}") = "Ch09Ex03", "..\Chapter09\Ch09Ex03\Ch09Ex03.csproj", "{C2566292-D1F7-4B10-A83D-AC1A7C79B5F0}"
EndProject
Project("{2150E333-8FDC-42A3-9474-1A3956D46DE8}") = "Chapter10", "Chapter10", "{498F08A5-EE18-4B6F-99AD-A46114CA6CA4}"
EndProject
Project("{FAE04EC0-301F-11D3-BF4B-00C04F79EFBC}") = "Ch10CardClient", "..\Chapter10\Ch10CardClient\Ch10CardClient.csproj", "{6AFB3C4B-D13E-4F2F-9368-1C03C76597DA}"
EndProject
Project("{FAE04EC0-301F-11D3-BF4B-00C04F79EFBC}") = "Ch10CardLib", "..\Chapter10\Ch10CardLib\Ch10CardLib.csproj", "{0890D191-EA2F-4B49-9985-79DD08344FD1}"
EndProject
Project("{FAE04EC0-301F-11D3-BF4B-00C04F79EFBC}") = "Ch10Ex01", "..\Chapter10\Ch10Ex01\Ch10Ex01.csproj", "{B050FE7F-B2A8-4C64-B81A-1B27394CF1F3}"
EndProject
Project("{FAE04EC0-301F-11D3-BF4B-00C04F79EFBC}") = "Ch10Ex02", "..\Chapter10\Ch10Ex02\Ch10Ex02.csproj", "{D937E81C-9D6E-4EDE-A941-E759E9749AD3}"
EndProject
Project("{2150E333-8FDC-42A3-9474-1A3956D46DE8}") = "Chapter11", "Chapter11", "{88303CFA-784F-4DE7-A5CF-314C7E696C71}"
EndProject
Project("{FAE04EC0-301F-11D3-BF4B-00C04F79EFBC}") = "Ch11CardClient", "..\Chapter11\Ch11CardClient\Ch11CardClient.csproj", "{905DE0F8-43DA-4EE9-AE05-7DC8B3176F2A}"
EndProject
Project("{FAE04EC0-301F-11D3-BF4B-00C04F79EFBC}") = "Ch11CardLib", "..\Chapter11\Ch11CardLib\Ch11CardLib.csproj", "{918D18F3-7F26-40A7-A7BD-C334CE8CADB5}"
EndProject
Project("{FAE04EC0-301F-11D3-BF4B-00C04F79EFBC}") = "Ch11Ex01", "..\Chapter11\Ch11Ex01\Ch11Ex01.csproj", "{087F8374-A842-46D2-A08D-3B38C2513F11}"
EndProject
Project("{FAE04EC0-301F-11D3-BF4B-00C04F79EFBC}") = "Ch11Ex02", "..\Chapter11\Ch11Ex02\Ch11Ex02.csproj", "{FCCB6437-BE40-4CDA-B83B-0AB4145ACF7A}"
EndProject
Project("{FAE04EC0-301F-11D3-BF4B-00C04F79EFBC}") = "Ch11Ex03", "..\Chapter11\Ch11Ex03\Ch11Ex03.csproj", "{584F1C81-4442-4354-A839-ABB852D0CDF2}"
EndProject
Project("{FAE04EC0-301F-11D3-BF4B-00C04F79EFBC}") = "Ch11Ex04", "..\Chapter11\Ch11Ex04\Ch11Ex04.csproj", "{872FFC61-E831-4A31-B368-362DF8B1C65A}"
EndProject
Project("{FAE04EC0-301F-11D3-BF4B-00C04F79EFBC}") = "Ch11Ex05", "..\Chapter11\Ch11Ex05\Ch11Ex05.csproj", "{07986AD4-7909-4C3E-AE93-1A03EA2F49E8}"
EndProject
Project("{FAE04EC0-301F-11D3-BF4B-00C04F79EFBC}") = "DictionaryAnimals", "..\Chapter11\DictionaryAnimals\DictionaryAnimals.csproj", "{8DEF4A4D-D1D5-4D81-9B9B-829BC5D575B0}"
EndProject
Project("{FAE04EC0-301F-11D3-BF4B-00C04F79EFBC}") = "SimpleIterators", "..\Chapter11\SimpleIterators\SimpleIterators.csproj", "{2FC68B3C-0884-4D19-A700-0275238F1F91}"
EndProject
Project("{2150E333-8FDC-42A3-9474-1A3956D46DE8}") = "Chapter12", "Chapter12", "{0108D08A-3A49-4F18-8501-D465E6B09252}"
EndProject
Project("{FAE04EC0-301F-11D3-BF4B-00C04F79EFBC}") = "Ch12CardClient", "..\Chapter12\Ch12CardClient\Ch12CardClient.csproj", "{E30DDA46-DF04-4CC4-86A4-96CE1D0EF04C}"
EndProject
Project("{FAE04EC0-301F-11D3-BF4B-00C04F79EFBC}") = "Ch12CardLib", "..\Chapter12\Ch12CardLib\Ch12CardLib.csproj", "{8172F4F2-9A60-430F-BF2D-B1B91DDED930}"
EndProject
Project("{FAE04EC0-301F-11D3-BF4B-00C04F79EFBC}") = "Ch12Ex01", "..\Chapter12\Ch12Ex01\Ch12Ex01.csproj", "{177FE58E-FF72-4854-81E0-7F917FA6225E}"
EndProject
Project("{FAE04EC0-301F-11D3-BF4B-00C04F79EFBC}") = "Ch12Ex02", "..\Chapter12\Ch12Ex02\Ch12Ex02.csproj", "{EC282E03-6C0B-4F9E-8829-9B43EE5FA1AB}"
EndProject
Project("{FAE04EC0-301F-11D3-BF4B-00C04F79EFBC}") = "Ch12Ex03", "..\Chapter12\Ch12Ex03\Ch12Ex03.csproj", "{947F76B1-C3AE-434E-9760-F0D8CE55F650}"
EndProject
Project("{FAE04EC0-301F-11D3-BF4B-00C04F79EFBC}") = "Ch12Ex04", "..\Chapter12\Ch12Ex04\Ch12Ex04.csproj", "{774B8EAD-ADFC-4DD4-AC41-3B8E7405C92F}"
EndProject
Project("{FAE04EC0-301F-11D3-BF4B-00C04F79EFBC}") = "VarianceDemo", "..\Chapter12\VarianceDemo\VarianceDemo.csproj", "{33F4DCA6-8229-48EB-8924-8BA0C4A1712B}"
EndProject
Project("{2150E333-8FDC-42A3-9474-1A3956D46DE8}") = "Chapter13", "Chapter13", "{A7DEDD52-591B-48FB-B5E5-B344BAD8801B}"
EndProject
Project("{FAE04EC0-301F-11D3-BF4B-00C04F79EFBC}") = "Ch13CardClient", "..\Chapter13\Ch13CardClient\Ch13CardClient.csproj", "{25981EA9-9730-4A9B-A804-47975324AC06}"
EndProject
Project("{FAE04EC0-301F-11D3-BF4B-00C04F79EFBC}") = "Ch13CardLib", "..\Chapter13\Ch13CardLib\Ch13CardLib.csproj", "{E6C7851A-9A14-49C9-8E0D-ED8437E1B2FA}"
EndProject
Project("{FAE04EC0-301F-11D3-BF4B-00C04F79EFBC}") = "Ch13Ex01", "..\Chapter13\Ch13Ex01\Ch13Ex01.csproj", "{8316E014-D4BD-43DA-9D68-E726BD1E1358}"
EndProject
Project("{FAE04EC0-301F-11D3-BF4B-00C04F79EFBC}") = "Ch13Ex02", "..\Chapter13\Ch13Ex02\Ch13Ex02.csproj", "{2FE982C4-5EE8-4F12-A906-D88F68258283}"
EndProject
Project("{FAE04EC0-301F-11D3-BF4B-00C04F79EFBC}") = "Ch13Ex03", "..\Chapter13\Ch13Ex03\Ch13Ex03.csproj", "{0513D2F7-839D-4CD2-99CB-824F6A5C0C77}"
EndProject
Project("{FAE04EC0-301F-11D3-BF4B-00C04F79EFBC}") = "Ch13Ex04", "..\Chapter13\Ch13Ex04\Ch13Ex04.csproj", "{A265D73D-0E1E-44A9-8875-60842773680F}"
EndProject
Project("{FAE04EC0-301F-11D3-BF4B-00C04F79EFBC}") = "Ch13Ex05", "..\Chapter13\Ch13Ex05\Ch13Ex05.csproj", "{BB617057-E7B5-408F-9127-2DC035BB49FB}"
EndProject
Project("{FAE04EC0-301F-11D3-BF4B-00C04F79EFBC}") = "Ch13Ex06", "..\Chapter13\Ch13Ex06\Ch13Ex06.csproj", "{9ACE26E7-2DF4-48A4-8A71-2EAEDBAC16E0}"
EndProject
Project("{FAE04EC0-301F-11D3-BF4B-00C04F79EFBC}") = "Ch13Ex07", "..\Chapter13\Ch13Ex07\Ch13Ex07.csproj", "{1C76C968-9783-4218-8D80-D5796C0E990C}"
EndProject
Project("{FAE04EC0-301F-11D3-BF4B-00C04F79EFBC}") = "Ch13Ex08", "..\Chapter13\Ch13Ex08\Ch13Ex08.csproj", "{FD93E3A5-7C54-45A5-B47C-1CAD0E2122AB}"
EndProject
Project("{FAE04EC0-301F-11D3-BF4B-00C04F79EFBC}") = "Ch13Ex09", "..\Chapter13\Ch13Ex09\Ch13Ex09.csproj", "{E8E87581-1792-4B7C-8A21-8C0121213194}"
EndProject
Project("{FAE04EC0-301F-11D3-BF4B-00C04F79EFBC}") = "CustomAttributes", "..\Chapter13\CustomAttributes\CustomAttributes.csproj", "{AACE8B4F-7712-495D-B7F1-57882AC35C67}"
EndProject
Project("{2150E333-8FDC-42A3-9474-1A3956D46DE8}") = "Chapter08", "Chapter08", "{B1AE9DF2-637A-4B99-9842-53269B7D9C3A}"
EndProject
Project("{FAE04EC0-301F-11D3-BF4B-00C04F79EFBC}") = "Ch08Ex01", "..\Chapter08\Ch08Ex01\Ch08Ex01.csproj", "{78DEB711-3095-47FE-904F-3E0862995FB2}"
EndProject
Global
	GlobalSection(SolutionConfigurationPlatforms) = preSolution
		Debug|Any CPU = Debug|Any CPU
		Release|Any CPU = Release|Any CPU
	EndGlobalSection
	GlobalSection(ProjectConfigurationPlatforms) = postSolution
		{8A7EFE94-8099-47A8-B117-163D7878EB8F}.Debug|Any CPU.ActiveCfg = Debug|Any CPU
		{8A7EFE94-8099-47A8-B117-163D7878EB8F}.Debug|Any CPU.Build.0 = Debug|Any CPU
		{8A7EFE94-8099-47A8-B117-163D7878EB8F}.Release|Any CPU.ActiveCfg = Release|Any CPU
		{8A7EFE94-8099-47A8-B117-163D7878EB8F}.Release|Any CPU.Build.0 = Release|Any CPU
		{AB6C570E-1C83-463D-9FC1-33A146E429D4}.Debug|Any CPU.ActiveCfg = Debug|Any CPU
		{AB6C570E-1C83-463D-9FC1-33A146E429D4}.Debug|Any CPU.Build.0 = Debug|Any CPU
		{AB6C570E-1C83-463D-9FC1-33A146E429D4}.Release|Any CPU.ActiveCfg = Release|Any CPU
		{AB6C570E-1C83-463D-9FC1-33A146E429D4}.Release|Any CPU.Build.0 = Release|Any CPU
		{09B77ADF-BF48-40F4-A46F-5B88E2CB369C}.Debug|Any CPU.ActiveCfg = Debug|Any CPU
		{09B77ADF-BF48-40F4-A46F-5B88E2CB369C}.Debug|Any CPU.Build.0 = Debug|Any CPU
		{09B77ADF-BF48-40F4-A46F-5B88E2CB369C}.Release|Any CPU.ActiveCfg = Release|Any CPU
		{09B77ADF-BF48-40F4-A46F-5B88E2CB369C}.Release|Any CPU.Build.0 = Release|Any CPU
		{0554BE79-7DEA-4DAC-900D-415AAD3660D5}.Debug|Any CPU.ActiveCfg = Debug|Any CPU
		{0554BE79-7DEA-4DAC-900D-415AAD3660D5}.Debug|Any CPU.Build.0 = Debug|Any CPU
		{0554BE79-7DEA-4DAC-900D-415AAD3660D5}.Release|Any CPU.ActiveCfg = Release|Any CPU
		{0554BE79-7DEA-4DAC-900D-415AAD3660D5}.Release|Any CPU.Build.0 = Release|Any CPU
		{E41310F2-69B7-4D2D-A04C-F650970F619E}.Debug|Any CPU.ActiveCfg = Debug|Any CPU
		{E41310F2-69B7-4D2D-A04C-F650970F619E}.Debug|Any CPU.Build.0 = Debug|Any CPU
		{E41310F2-69B7-4D2D-A04C-F650970F619E}.Release|Any CPU.ActiveCfg = Release|Any CPU
		{E41310F2-69B7-4D2D-A04C-F650970F619E}.Release|Any CPU.Build.0 = Release|Any CPU
		{7AFAE8E5-D94B-4694-ADC0-79750F6270E1}.Debug|Any CPU.ActiveCfg = Debug|Any CPU
		{7AFAE8E5-D94B-4694-ADC0-79750F6270E1}.Debug|Any CPU.Build.0 = Debug|Any CPU
		{7AFAE8E5-D94B-4694-ADC0-79750F6270E1}.Release|Any CPU.ActiveCfg = Release|Any CPU
		{7AFAE8E5-D94B-4694-ADC0-79750F6270E1}.Release|Any CPU.Build.0 = Release|Any CPU
		{B25DB790-CFAB-4B84-882B-DB1868212944}.Debug|Any CPU.ActiveCfg = Debug|Any CPU
		{B25DB790-CFAB-4B84-882B-DB1868212944}.Debug|Any CPU.Build.0 = Debug|Any CPU
		{B25DB790-CFAB-4B84-882B-DB1868212944}.Release|Any CPU.ActiveCfg = Release|Any CPU
		{B25DB790-CFAB-4B84-882B-DB1868212944}.Release|Any CPU.Build.0 = Release|Any CPU
		{689FB4DA-A08E-4A86-B77F-7FE88459B9D6}.Debug|Any CPU.ActiveCfg = Debug|Any CPU
		{689FB4DA-A08E-4A86-B77F-7FE88459B9D6}.Debug|Any CPU.Build.0 = Debug|Any CPU
		{689FB4DA-A08E-4A86-B77F-7FE88459B9D6}.Release|Any CPU.ActiveCfg = Release|Any CPU
		{689FB4DA-A08E-4A86-B77F-7FE88459B9D6}.Release|Any CPU.Build.0 = Release|Any CPU
		{688627FB-A814-4176-BBC6-26806FB32E0B}.Debug|Any CPU.ActiveCfg = Debug|Any CPU
		{688627FB-A814-4176-BBC6-26806FB32E0B}.Debug|Any CPU.Build.0 = Debug|Any CPU
		{688627FB-A814-4176-BBC6-26806FB32E0B}.Release|Any CPU.ActiveCfg = Release|Any CPU
		{688627FB-A814-4176-BBC6-26806FB32E0B}.Release|Any CPU.Build.0 = Release|Any CPU
		{0E2C233B-5BBB-404A-A6EE-AB6521E4CFA6}.Debug|Any CPU.ActiveCfg = Debug|Any CPU
		{0E2C233B-5BBB-404A-A6EE-AB6521E4CFA6}.Debug|Any CPU.Build.0 = Debug|Any CPU
		{0E2C233B-5BBB-404A-A6EE-AB6521E4CFA6}.Release|Any CPU.ActiveCfg = Release|Any CPU
		{0E2C233B-5BBB-404A-A6EE-AB6521E4CFA6}.Release|Any CPU.Build.0 = Release|Any CPU
		{04525702-1467-41A7-BB60-CC73DFA8430B}.Debug|Any CPU.ActiveCfg = Debug|Any CPU
		{04525702-1467-41A7-BB60-CC73DFA8430B}.Debug|Any CPU.Build.0 = Debug|Any CPU
		{04525702-1467-41A7-BB60-CC73DFA8430B}.Release|Any CPU.ActiveCfg = Release|Any CPU
		{04525702-1467-41A7-BB60-CC73DFA8430B}.Release|Any CPU.Build.0 = Release|Any CPU
		{2905B5C8-778E-4921-AFD2-7C25738932F7}.Debug|Any CPU.ActiveCfg = Debug|Any CPU
		{2905B5C8-778E-4921-AFD2-7C25738932F7}.Debug|Any CPU.Build.0 = Debug|Any CPU
		{2905B5C8-778E-4921-AFD2-7C25738932F7}.Release|Any CPU.ActiveCfg = Release|Any CPU
		{2905B5C8-778E-4921-AFD2-7C25738932F7}.Release|Any CPU.Build.0 = Release|Any CPU
		{EC1C2940-1F52-4DC1-9AEE-D2D7C168493C}.Debug|Any CPU.ActiveCfg = Debug|Any CPU
		{EC1C2940-1F52-4DC1-9AEE-D2D7C168493C}.Debug|Any CPU.Build.0 = Debug|Any CPU
		{EC1C2940-1F52-4DC1-9AEE-D2D7C168493C}.Release|Any CPU.ActiveCfg = Release|Any CPU
		{EC1C2940-1F52-4DC1-9AEE-D2D7C168493C}.Release|Any CPU.Build.0 = Release|Any CPU
		{1A8D51F5-9844-4A33-AE28-E8AB3F6F480B}.Debug|Any CPU.ActiveCfg = Debug|Any CPU
		{1A8D51F5-9844-4A33-AE28-E8AB3F6F480B}.Debug|Any CPU.Build.0 = Debug|Any CPU
		{1A8D51F5-9844-4A33-AE28-E8AB3F6F480B}.Release|Any CPU.ActiveCfg = Release|Any CPU
		{1A8D51F5-9844-4A33-AE28-E8AB3F6F480B}.Release|Any CPU.Build.0 = Release|Any CPU
		{28632EA2-82DA-4F4A-962D-1900598E133F}.Debug|Any CPU.ActiveCfg = Debug|Any CPU
		{28632EA2-82DA-4F4A-962D-1900598E133F}.Debug|Any CPU.Build.0 = Debug|Any CPU
		{28632EA2-82DA-4F4A-962D-1900598E133F}.Release|Any CPU.ActiveCfg = Release|Any CPU
		{28632EA2-82DA-4F4A-962D-1900598E133F}.Release|Any CPU.Build.0 = Release|Any CPU
		{FDA78CE0-D605-4CE0-84BF-D98AA6D02CE9}.Debug|Any CPU.ActiveCfg = Debug|Any CPU
		{FDA78CE0-D605-4CE0-84BF-D98AA6D02CE9}.Debug|Any CPU.Build.0 = Debug|Any CPU
		{FDA78CE0-D605-4CE0-84BF-D98AA6D02CE9}.Release|Any CPU.ActiveCfg = Release|Any CPU
		{FDA78CE0-D605-4CE0-84BF-D98AA6D02CE9}.Release|Any CPU.Build.0 = Release|Any CPU
		{4A311B97-3A45-4487-B971-18CEC567C587}.Debug|Any CPU.ActiveCfg = Debug|Any CPU
		{4A311B97-3A45-4487-B971-18CEC567C587}.Debug|Any CPU.Build.0 = Debug|Any CPU
		{4A311B97-3A45-4487-B971-18CEC567C587}.Release|Any CPU.ActiveCfg = Release|Any CPU
		{4A311B97-3A45-4487-B971-18CEC567C587}.Release|Any CPU.Build.0 = Release|Any CPU
		{38C207D2-EC4D-412C-BDB7-6ECDD7893B94}.Debug|Any CPU.ActiveCfg = Debug|Any CPU
		{38C207D2-EC4D-412C-BDB7-6ECDD7893B94}.Debug|Any CPU.Build.0 = Debug|Any CPU
		{38C207D2-EC4D-412C-BDB7-6ECDD7893B94}.Release|Any CPU.ActiveCfg = Release|Any CPU
		{38C207D2-EC4D-412C-BDB7-6ECDD7893B94}.Release|Any CPU.Build.0 = Release|Any CPU
		{570407C1-6109-4570-8E4C-0C43F69674BF}.Debug|Any CPU.ActiveCfg = Debug|Any CPU
		{570407C1-6109-4570-8E4C-0C43F69674BF}.Debug|Any CPU.Build.0 = Debug|Any CPU
		{570407C1-6109-4570-8E4C-0C43F69674BF}.Release|Any CPU.ActiveCfg = Release|Any CPU
		{570407C1-6109-4570-8E4C-0C43F69674BF}.Release|Any CPU.Build.0 = Release|Any CPU
		{BC2C37C6-5DB2-48AF-8E47-B4826E2A5BA2}.Debug|Any CPU.ActiveCfg = Debug|Any CPU
		{BC2C37C6-5DB2-48AF-8E47-B4826E2A5BA2}.Debug|Any CPU.Build.0 = Debug|Any CPU
		{BC2C37C6-5DB2-48AF-8E47-B4826E2A5BA2}.Release|Any CPU.ActiveCfg = Release|Any CPU
		{BC2C37C6-5DB2-48AF-8E47-B4826E2A5BA2}.Release|Any CPU.Build.0 = Release|Any CPU
		{1355DC6E-BB81-40F3-8DF7-A2141AE87635}.Debug|Any CPU.ActiveCfg = Debug|Any CPU
		{1355DC6E-BB81-40F3-8DF7-A2141AE87635}.Debug|Any CPU.Build.0 = Debug|Any CPU
		{1355DC6E-BB81-40F3-8DF7-A2141AE87635}.Release|Any CPU.ActiveCfg = Release|Any CPU
		{1355DC6E-BB81-40F3-8DF7-A2141AE87635}.Release|Any CPU.Build.0 = Release|Any CPU
		{FFF24DE5-4E3D-4EAE-8060-3AF1DA97A80E}.Debug|Any CPU.ActiveCfg = Debug|Any CPU
		{FFF24DE5-4E3D-4EAE-8060-3AF1DA97A80E}.Debug|Any CPU.Build.0 = Debug|Any CPU
		{FFF24DE5-4E3D-4EAE-8060-3AF1DA97A80E}.Release|Any CPU.ActiveCfg = Release|Any CPU
		{FFF24DE5-4E3D-4EAE-8060-3AF1DA97A80E}.Release|Any CPU.Build.0 = Release|Any CPU
		{7AD14837-F657-4E4F-9944-97A9122DC4BD}.Debug|Any CPU.ActiveCfg = Debug|Any CPU
		{7AD14837-F657-4E4F-9944-97A9122DC4BD}.Debug|Any CPU.Build.0 = Debug|Any CPU
		{7AD14837-F657-4E4F-9944-97A9122DC4BD}.Release|Any CPU.ActiveCfg = Release|Any CPU
		{7AD14837-F657-4E4F-9944-97A9122DC4BD}.Release|Any CPU.Build.0 = Release|Any CPU
		{AA6400CA-C237-4810-8B6C-28D8C0CC53DC}.Debug|Any CPU.ActiveCfg = Debug|Any CPU
		{AA6400CA-C237-4810-8B6C-28D8C0CC53DC}.Debug|Any CPU.Build.0 = Debug|Any CPU
		{AA6400CA-C237-4810-8B6C-28D8C0CC53DC}.Release|Any CPU.ActiveCfg = Release|Any CPU
		{AA6400CA-C237-4810-8B6C-28D8C0CC53DC}.Release|Any CPU.Build.0 = Release|Any CPU
		{E054C875-D94B-4606-96A7-44A188D746FA}.Debug|Any CPU.ActiveCfg = Debug|Any CPU
		{E054C875-D94B-4606-96A7-44A188D746FA}.Debug|Any CPU.Build.0 = Debug|Any CPU
		{E054C875-D94B-4606-96A7-44A188D746FA}.Release|Any CPU.ActiveCfg = Release|Any CPU
		{E054C875-D94B-4606-96A7-44A188D746FA}.Release|Any CPU.Build.0 = Release|Any CPU
		{C551D9D7-97F6-4407-959B-86AFC44D050B}.Debug|Any CPU.ActiveCfg = Debug|Any CPU
		{C551D9D7-97F6-4407-959B-86AFC44D050B}.Debug|Any CPU.Build.0 = Debug|Any CPU
		{C551D9D7-97F6-4407-959B-86AFC44D050B}.Release|Any CPU.ActiveCfg = Release|Any CPU
		{C551D9D7-97F6-4407-959B-86AFC44D050B}.Release|Any CPU.Build.0 = Release|Any CPU
		{F5E39C8E-30E4-4D89-BACF-7C2DADA0108D}.Debug|Any CPU.ActiveCfg = Debug|Any CPU
		{F5E39C8E-30E4-4D89-BACF-7C2DADA0108D}.Debug|Any CPU.Build.0 = Debug|Any CPU
		{F5E39C8E-30E4-4D89-BACF-7C2DADA0108D}.Release|Any CPU.ActiveCfg = Release|Any CPU
		{F5E39C8E-30E4-4D89-BACF-7C2DADA0108D}.Release|Any CPU.Build.0 = Release|Any CPU
		{47B58924-B2DB-47DA-9909-022CDE6ADB85}.Debug|Any CPU.ActiveCfg = Debug|Any CPU
		{47B58924-B2DB-47DA-9909-022CDE6ADB85}.Debug|Any CPU.Build.0 = Debug|Any CPU
		{47B58924-B2DB-47DA-9909-022CDE6ADB85}.Release|Any CPU.ActiveCfg = Release|Any CPU
		{47B58924-B2DB-47DA-9909-022CDE6ADB85}.Release|Any CPU.Build.0 = Release|Any CPU
		{D43FA8AD-D43D-417C-B26A-D37A3D281278}.Debug|Any CPU.ActiveCfg = Debug|Any CPU
		{D43FA8AD-D43D-417C-B26A-D37A3D281278}.Debug|Any CPU.Build.0 = Debug|Any CPU
		{D43FA8AD-D43D-417C-B26A-D37A3D281278}.Release|Any CPU.ActiveCfg = Release|Any CPU
		{D43FA8AD-D43D-417C-B26A-D37A3D281278}.Release|Any CPU.Build.0 = Release|Any CPU
		{ECB1FBCD-A5F1-4D0F-B55C-87923A1C282C}.Debug|Any CPU.ActiveCfg = Debug|Any CPU
		{ECB1FBCD-A5F1-4D0F-B55C-87923A1C282C}.Debug|Any CPU.Build.0 = Debug|Any CPU
		{ECB1FBCD-A5F1-4D0F-B55C-87923A1C282C}.Release|Any CPU.ActiveCfg = Release|Any CPU
		{ECB1FBCD-A5F1-4D0F-B55C-87923A1C282C}.Release|Any CPU.Build.0 = Release|Any CPU
		{04F6F2FC-F72F-4372-BB21-27210380DD53}.Debug|Any CPU.ActiveCfg = Debug|Any CPU
		{04F6F2FC-F72F-4372-BB21-27210380DD53}.Debug|Any CPU.Build.0 = Debug|Any CPU
		{04F6F2FC-F72F-4372-BB21-27210380DD53}.Release|Any CPU.ActiveCfg = Release|Any CPU
		{04F6F2FC-F72F-4372-BB21-27210380DD53}.Release|Any CPU.Build.0 = Release|Any CPU
		{C2566292-D1F7-4B10-A83D-AC1A7C79B5F0}.Debug|Any CPU.ActiveCfg = Debug|Any CPU
		{C2566292-D1F7-4B10-A83D-AC1A7C79B5F0}.Debug|Any CPU.Build.0 = Debug|Any CPU
		{C2566292-D1F7-4B10-A83D-AC1A7C79B5F0}.Release|Any CPU.ActiveCfg = Release|Any CPU
		{C2566292-D1F7-4B10-A83D-AC1A7C79B5F0}.Release|Any CPU.Build.0 = Release|Any CPU
		{6AFB3C4B-D13E-4F2F-9368-1C03C76597DA}.Debug|Any CPU.ActiveCfg = Debug|Any CPU
		{6AFB3C4B-D13E-4F2F-9368-1C03C76597DA}.Debug|Any CPU.Build.0 = Debug|Any CPU
		{6AFB3C4B-D13E-4F2F-9368-1C03C76597DA}.Release|Any CPU.ActiveCfg = Release|Any CPU
		{6AFB3C4B-D13E-4F2F-9368-1C03C76597DA}.Release|Any CPU.Build.0 = Release|Any CPU
		{0890D191-EA2F-4B49-9985-79DD08344FD1}.Debug|Any CPU.ActiveCfg = Debug|Any CPU
		{0890D191-EA2F-4B49-9985-79DD08344FD1}.Debug|Any CPU.Build.0 = Debug|Any CPU
		{0890D191-EA2F-4B49-9985-79DD08344FD1}.Release|Any CPU.ActiveCfg = Release|Any CPU
		{0890D191-EA2F-4B49-9985-79DD08344FD1}.Release|Any CPU.Build.0 = Release|Any CPU
		{B050FE7F-B2A8-4C64-B81A-1B27394CF1F3}.Debug|Any CPU.ActiveCfg = Debug|Any CPU
		{B050FE7F-B2A8-4C64-B81A-1B27394CF1F3}.Debug|Any CPU.Build.0 = Debug|Any CPU
		{B050FE7F-B2A8-4C64-B81A-1B27394CF1F3}.Release|Any CPU.ActiveCfg = Release|Any CPU
		{B050FE7F-B2A8-4C64-B81A-1B27394CF1F3}.Release|Any CPU.Build.0 = Release|Any CPU
		{D937E81C-9D6E-4EDE-A941-E759E9749AD3}.Debug|Any CPU.ActiveCfg = Debug|Any CPU
		{D937E81C-9D6E-4EDE-A941-E759E9749AD3}.Debug|Any CPU.Build.0 = Debug|Any CPU
		{D937E81C-9D6E-4EDE-A941-E759E9749AD3}.Release|Any CPU.ActiveCfg = Release|Any CPU
		{D937E81C-9D6E-4EDE-A941-E759E9749AD3}.Release|Any CPU.Build.0 = Release|Any CPU
		{905DE0F8-43DA-4EE9-AE05-7DC8B3176F2A}.Debug|Any CPU.ActiveCfg = Debug|Any CPU
		{905DE0F8-43DA-4EE9-AE05-7DC8B3176F2A}.Debug|Any CPU.Build.0 = Debug|Any CPU
		{905DE0F8-43DA-4EE9-AE05-7DC8B3176F2A}.Release|Any CPU.ActiveCfg = Release|Any CPU
		{905DE0F8-43DA-4EE9-AE05-7DC8B3176F2A}.Release|Any CPU.Build.0 = Release|Any CPU
		{918D18F3-7F26-40A7-A7BD-C334CE8CADB5}.Debug|Any CPU.ActiveCfg = Debug|Any CPU
		{918D18F3-7F26-40A7-A7BD-C334CE8CADB5}.Debug|Any CPU.Build.0 = Debug|Any CPU
		{918D18F3-7F26-40A7-A7BD-C334CE8CADB5}.Release|Any CPU.ActiveCfg = Release|Any CPU
		{918D18F3-7F26-40A7-A7BD-C334CE8CADB5}.Release|Any CPU.Build.0 = Release|Any CPU
		{087F8374-A842-46D2-A08D-3B38C2513F11}.Debug|Any CPU.ActiveCfg = Debug|Any CPU
		{087F8374-A842-46D2-A08D-3B38C2513F11}.Debug|Any CPU.Build.0 = Debug|Any CPU
		{087F8374-A842-46D2-A08D-3B38C2513F11}.Release|Any CPU.ActiveCfg = Release|Any CPU
		{087F8374-A842-46D2-A08D-3B38C2513F11}.Release|Any CPU.Build.0 = Release|Any CPU
		{FCCB6437-BE40-4CDA-B83B-0AB4145ACF7A}.Debug|Any CPU.ActiveCfg = Debug|Any CPU
		{FCCB6437-BE40-4CDA-B83B-0AB4145ACF7A}.Debug|Any CPU.Build.0 = Debug|Any CPU
		{FCCB6437-BE40-4CDA-B83B-0AB4145ACF7A}.Release|Any CPU.ActiveCfg = Release|Any CPU
		{FCCB6437-BE40-4CDA-B83B-0AB4145ACF7A}.Release|Any CPU.Build.0 = Release|Any CPU
		{584F1C81-4442-4354-A839-ABB852D0CDF2}.Debug|Any CPU.ActiveCfg = Debug|Any CPU
		{584F1C81-4442-4354-A839-ABB852D0CDF2}.Debug|Any CPU.Build.0 = Debug|Any CPU
		{584F1C81-4442-4354-A839-ABB852D0CDF2}.Release|Any CPU.ActiveCfg = Release|Any CPU
		{584F1C81-4442-4354-A839-ABB852D0CDF2}.Release|Any CPU.Build.0 = Release|Any CPU
		{872FFC61-E831-4A31-B368-362DF8B1C65A}.Debug|Any CPU.ActiveCfg = Debug|Any CPU
		{872FFC61-E831-4A31-B368-362DF8B1C65A}.Debug|Any CPU.Build.0 = Debug|Any CPU
		{872FFC61-E831-4A31-B368-362DF8B1C65A}.Release|Any CPU.ActiveCfg = Release|Any CPU
		{872FFC61-E831-4A31-B368-362DF8B1C65A}.Release|Any CPU.Build.0 = Release|Any CPU
		{07986AD4-7909-4C3E-AE93-1A03EA2F49E8}.Debug|Any CPU.ActiveCfg = Debug|Any CPU
		{07986AD4-7909-4C3E-AE93-1A03EA2F49E8}.Debug|Any CPU.Build.0 = Debug|Any CPU
		{07986AD4-7909-4C3E-AE93-1A03EA2F49E8}.Release|Any CPU.ActiveCfg = Release|Any CPU
		{07986AD4-7909-4C3E-AE93-1A03EA2F49E8}.Release|Any CPU.Build.0 = Release|Any CPU
		{8DEF4A4D-D1D5-4D81-9B9B-829BC5D575B0}.Debug|Any CPU.ActiveCfg = Debug|Any CPU
		{8DEF4A4D-D1D5-4D81-9B9B-829BC5D575B0}.Debug|Any CPU.Build.0 = Debug|Any CPU
		{8DEF4A4D-D1D5-4D81-9B9B-829BC5D575B0}.Release|Any CPU.ActiveCfg = Release|Any CPU
		{8DEF4A4D-D1D5-4D81-9B9B-829BC5D575B0}.Release|Any CPU.Build.0 = Release|Any CPU
		{2FC68B3C-0884-4D19-A700-0275238F1F91}.Debug|Any CPU.ActiveCfg = Debug|Any CPU
		{2FC68B3C-0884-4D19-A700-0275238F1F91}.Debug|Any CPU.Build.0 = Debug|Any CPU
		{2FC68B3C-0884-4D19-A700-0275238F1F91}.Release|Any CPU.ActiveCfg = Release|Any CPU
		{2FC68B3C-0884-4D19-A700-0275238F1F91}.Release|Any CPU.Build.0 = Release|Any CPU
		{E30DDA46-DF04-4CC4-86A4-96CE1D0EF04C}.Debug|Any CPU.ActiveCfg = Debug|Any CPU
		{E30DDA46-DF04-4CC4-86A4-96CE1D0EF04C}.Debug|Any CPU.Build.0 = Debug|Any CPU
		{E30DDA46-DF04-4CC4-86A4-96CE1D0EF04C}.Release|Any CPU.ActiveCfg = Release|Any CPU
		{E30DDA46-DF04-4CC4-86A4-96CE1D0EF04C}.Release|Any CPU.Build.0 = Release|Any CPU
		{8172F4F2-9A60-430F-BF2D-B1B91DDED930}.Debug|Any CPU.ActiveCfg = Debug|Any CPU
		{8172F4F2-9A60-430F-BF2D-B1B91DDED930}.Debug|Any CPU.Build.0 = Debug|Any CPU
		{8172F4F2-9A60-430F-BF2D-B1B91DDED930}.Release|Any CPU.ActiveCfg = Release|Any CPU
		{8172F4F2-9A60-430F-BF2D-B1B91DDED930}.Release|Any CPU.Build.0 = Release|Any CPU
		{177FE58E-FF72-4854-81E0-7F917FA6225E}.Debug|Any CPU.ActiveCfg = Debug|Any CPU
		{177FE58E-FF72-4854-81E0-7F917FA6225E}.Debug|Any CPU.Build.0 = Debug|Any CPU
		{177FE58E-FF72-4854-81E0-7F917FA6225E}.Release|Any CPU.ActiveCfg = Release|Any CPU
		{177FE58E-FF72-4854-81E0-7F917FA6225E}.Release|Any CPU.Build.0 = Release|Any CPU
		{EC282E03-6C0B-4F9E-8829-9B43EE5FA1AB}.Debug|Any CPU.ActiveCfg = Debug|Any CPU
		{EC282E03-6C0B-4F9E-8829-9B43EE5FA1AB}.Debug|Any CPU.Build.0 = Debug|Any CPU
		{EC282E03-6C0B-4F9E-8829-9B43EE5FA1AB}.Release|Any CPU.ActiveCfg = Release|Any CPU
		{EC282E03-6C0B-4F9E-8829-9B43EE5FA1AB}.Release|Any CPU.Build.0 = Release|Any CPU
		{947F76B1-C3AE-434E-9760-F0D8CE55F650}.Debug|Any CPU.ActiveCfg = Debug|Any CPU
		{947F76B1-C3AE-434E-9760-F0D8CE55F650}.Debug|Any CPU.Build.0 = Debug|Any CPU
		{947F76B1-C3AE-434E-9760-F0D8CE55F650}.Release|Any CPU.ActiveCfg = Release|Any CPU
		{947F76B1-C3AE-434E-9760-F0D8CE55F650}.Release|Any CPU.Build.0 = Release|Any CPU
		{774B8EAD-ADFC-4DD4-AC41-3B8E7405C92F}.Debug|Any CPU.ActiveCfg = Debug|Any CPU
		{774B8EAD-ADFC-4DD4-AC41-3B8E7405C92F}.Debug|Any CPU.Build.0 = Debug|Any CPU
		{774B8EAD-ADFC-4DD4-AC41-3B8E7405C92F}.Release|Any CPU.ActiveCfg = Release|Any CPU
		{774B8EAD-ADFC-4DD4-AC41-3B8E7405C92F}.Release|Any CPU.Build.0 = Release|Any CPU
		{33F4DCA6-8229-48EB-8924-8BA0C4A1712B}.Debug|Any CPU.ActiveCfg = Debug|Any CPU
		{33F4DCA6-8229-48EB-8924-8BA0C4A1712B}.Debug|Any CPU.Build.0 = Debug|Any CPU
		{33F4DCA6-8229-48EB-8924-8BA0C4A1712B}.Release|Any CPU.ActiveCfg = Release|Any CPU
		{33F4DCA6-8229-48EB-8924-8BA0C4A1712B}.Release|Any CPU.Build.0 = Release|Any CPU
		{25981EA9-9730-4A9B-A804-47975324AC06}.Debug|Any CPU.ActiveCfg = Debug|Any CPU
		{25981EA9-9730-4A9B-A804-47975324AC06}.Debug|Any CPU.Build.0 = Debug|Any CPU
		{25981EA9-9730-4A9B-A804-47975324AC06}.Release|Any CPU.ActiveCfg = Release|Any CPU
		{25981EA9-9730-4A9B-A804-47975324AC06}.Release|Any CPU.Build.0 = Release|Any CPU
		{E6C7851A-9A14-49C9-8E0D-ED8437E1B2FA}.Debug|Any CPU.ActiveCfg = Debug|Any CPU
		{E6C7851A-9A14-49C9-8E0D-ED8437E1B2FA}.Debug|Any CPU.Build.0 = Debug|Any CPU
		{E6C7851A-9A14-49C9-8E0D-ED8437E1B2FA}.Release|Any CPU.ActiveCfg = Release|Any CPU
		{E6C7851A-9A14-49C9-8E0D-ED8437E1B2FA}.Release|Any CPU.Build.0 = Release|Any CPU
		{8316E014-D4BD-43DA-9D68-E726BD1E1358}.Debug|Any CPU.ActiveCfg = Debug|Any CPU
		{8316E014-D4BD-43DA-9D68-E726BD1E1358}.Debug|Any CPU.Build.0 = Debug|Any CPU
		{8316E014-D4BD-43DA-9D68-E726BD1E1358}.Release|Any CPU.ActiveCfg = Release|Any CPU
		{8316E014-D4BD-43DA-9D68-E726BD1E1358}.Release|Any CPU.Build.0 = Release|Any CPU
		{2FE982C4-5EE8-4F12-A906-D88F68258283}.Debug|Any CPU.ActiveCfg = Debug|Any CPU
		{2FE982C4-5EE8-4F12-A906-D88F68258283}.Debug|Any CPU.Build.0 = Debug|Any CPU
		{2FE982C4-5EE8-4F12-A906-D88F68258283}.Release|Any CPU.ActiveCfg = Release|Any CPU
		{2FE982C4-5EE8-4F12-A906-D88F68258283}.Release|Any CPU.Build.0 = Release|Any CPU
		{0513D2F7-839D-4CD2-99CB-824F6A5C0C77}.Debug|Any CPU.ActiveCfg = Debug|Any CPU
		{0513D2F7-839D-4CD2-99CB-824F6A5C0C77}.Debug|Any CPU.Build.0 = Debug|Any CPU
		{0513D2F7-839D-4CD2-99CB-824F6A5C0C77}.Release|Any CPU.ActiveCfg = Release|Any CPU
		{0513D2F7-839D-4CD2-99CB-824F6A5C0C77}.Release|Any CPU.Build.0 = Release|Any CPU
		{A265D73D-0E1E-44A9-8875-60842773680F}.Debug|Any CPU.ActiveCfg = Debug|Any CPU
		{A265D73D-0E1E-44A9-8875-60842773680F}.Debug|Any CPU.Build.0 = Debug|Any CPU
		{A265D73D-0E1E-44A9-8875-60842773680F}.Release|Any CPU.ActiveCfg = Release|Any CPU
		{A265D73D-0E1E-44A9-8875-60842773680F}.Release|Any CPU.Build.0 = Release|Any CPU
		{BB617057-E7B5-408F-9127-2DC035BB49FB}.Debug|Any CPU.ActiveCfg = Debug|Any CPU
		{BB617057-E7B5-408F-9127-2DC035BB49FB}.Debug|Any CPU.Build.0 = Debug|Any CPU
		{BB617057-E7B5-408F-9127-2DC035BB49FB}.Release|Any CPU.ActiveCfg = Release|Any CPU
		{BB617057-E7B5-408F-9127-2DC035BB49FB}.Release|Any CPU.Build.0 = Release|Any CPU
		{9ACE26E7-2DF4-48A4-8A71-2EAEDBAC16E0}.Debug|Any CPU.ActiveCfg = Debug|Any CPU
		{9ACE26E7-2DF4-48A4-8A71-2EAEDBAC16E0}.Debug|Any CPU.Build.0 = Debug|Any CPU
		{9ACE26E7-2DF4-48A4-8A71-2EAEDBAC16E0}.Release|Any CPU.ActiveCfg = Release|Any CPU
		{9ACE26E7-2DF4-48A4-8A71-2EAEDBAC16E0}.Release|Any CPU.Build.0 = Release|Any CPU
		{1C76C968-9783-4218-8D80-D5796C0E990C}.Debug|Any CPU.ActiveCfg = Debug|Any CPU
		{1C76C968-9783-4218-8D80-D5796C0E990C}.Debug|Any CPU.Build.0 = Debug|Any CPU
		{1C76C968-9783-4218-8D80-D5796C0E990C}.Release|Any CPU.ActiveCfg = Release|Any CPU
		{1C76C968-9783-4218-8D80-D5796C0E990C}.Release|Any CPU.Build.0 = Release|Any CPU
		{FD93E3A5-7C54-45A5-B47C-1CAD0E2122AB}.Debug|Any CPU.ActiveCfg = Debug|Any CPU
		{FD93E3A5-7C54-45A5-B47C-1CAD0E2122AB}.Debug|Any CPU.Build.0 = Debug|Any CPU
		{FD93E3A5-7C54-45A5-B47C-1CAD0E2122AB}.Release|Any CPU.ActiveCfg = Release|Any CPU
		{FD93E3A5-7C54-45A5-B47C-1CAD0E2122AB}.Release|Any CPU.Build.0 = Release|Any CPU
		{E8E87581-1792-4B7C-8A21-8C0121213194}.Debug|Any CPU.ActiveCfg = Debug|Any CPU
		{E8E87581-1792-4B7C-8A21-8C0121213194}.Debug|Any CPU.Build.0 = Debug|Any CPU
		{E8E87581-1792-4B7C-8A21-8C0121213194}.Release|Any CPU.ActiveCfg = Release|Any CPU
		{E8E87581-1792-4B7C-8A21-8C0121213194}.Release|Any CPU.Build.0 = Release|Any CPU
		{AACE8B4F-7712-495D-B7F1-57882AC35C67}.Debug|Any CPU.ActiveCfg = Debug|Any CPU
		{AACE8B4F-7712-495D-B7F1-57882AC35C67}.Debug|Any CPU.Build.0 = Debug|Any CPU
		{AACE8B4F-7712-495D-B7F1-57882AC35C67}.Release|Any CPU.ActiveCfg = Release|Any CPU
		{AACE8B4F-7712-495D-B7F1-57882AC35C67}.Release|Any CPU.Build.0 = Release|Any CPU
		{78DEB711-3095-47FE-904F-3E0862995FB2}.Debug|Any CPU.ActiveCfg = Debug|Any CPU
		{78DEB711-3095-47FE-904F-3E0862995FB2}.Debug|Any CPU.Build.0 = Debug|Any CPU
		{78DEB711-3095-47FE-904F-3E0862995FB2}.Release|Any CPU.ActiveCfg = Release|Any CPU
		{78DEB711-3095-47FE-904F-3E0862995FB2}.Release|Any CPU.Build.0 = Release|Any CPU
	EndGlobalSection
	GlobalSection(SolutionProperties) = preSolution
		HideSolutionNode = FALSE
	EndGlobalSection
	GlobalSection(NestedProjects) = preSolution
		{AB6C570E-1C83-463D-9FC1-33A146E429D4} = {927DB87C-9EB4-4EB9-A7E2-C52D2E5F0FF2}
		{09B77ADF-BF48-40F4-A46F-5B88E2CB369C} = {927DB87C-9EB4-4EB9-A7E2-C52D2E5F0FF2}
		{0554BE79-7DEA-4DAC-900D-415AAD3660D5} = {271B96BB-DD11-4F35-A91A-1C137ACEC19E}
		{E41310F2-69B7-4D2D-A04C-F650970F619E} = {271B96BB-DD11-4F35-A91A-1C137ACEC19E}
		{7AFAE8E5-D94B-4694-ADC0-79750F6270E1} = {C7D66BC2-0034-485E-8830-404D1CF0194B}
		{B25DB790-CFAB-4B84-882B-DB1868212944} = {C7D66BC2-0034-485E-8830-404D1CF0194B}
		{689FB4DA-A08E-4A86-B77F-7FE88459B9D6} = {C7D66BC2-0034-485E-8830-404D1CF0194B}
		{688627FB-A814-4176-BBC6-26806FB32E0B} = {C7D66BC2-0034-485E-8830-404D1CF0194B}
		{0E2C233B-5BBB-404A-A6EE-AB6521E4CFA6} = {C7D66BC2-0034-485E-8830-404D1CF0194B}
		{04525702-1467-41A7-BB60-CC73DFA8430B} = {70E6E914-6C81-4077-AD38-5FF0CD5E94F4}
		{2905B5C8-778E-4921-AFD2-7C25738932F7} = {70E6E914-6C81-4077-AD38-5FF0CD5E94F4}
		{EC1C2940-1F52-4DC1-9AEE-D2D7C168493C} = {70E6E914-6C81-4077-AD38-5FF0CD5E94F4}
		{1A8D51F5-9844-4A33-AE28-E8AB3F6F480B} = {70E6E914-6C81-4077-AD38-5FF0CD5E94F4}
		{28632EA2-82DA-4F4A-962D-1900598E133F} = {70E6E914-6C81-4077-AD38-5FF0CD5E94F4}
		{FDA78CE0-D605-4CE0-84BF-D98AA6D02CE9} = {70E6E914-6C81-4077-AD38-5FF0CD5E94F4}
		{4A311B97-3A45-4487-B971-18CEC567C587} = {70E6E914-6C81-4077-AD38-5FF0CD5E94F4}
		{38C207D2-EC4D-412C-BDB7-6ECDD7893B94} = {4EA6A34D-E4D6-4BDE-8B79-C7C73DF37BF0}
		{570407C1-6109-4570-8E4C-0C43F69674BF} = {4EA6A34D-E4D6-4BDE-8B79-C7C73DF37BF0}
		{BC2C37C6-5DB2-48AF-8E47-B4826E2A5BA2} = {4EA6A34D-E4D6-4BDE-8B79-C7C73DF37BF0}
		{1355DC6E-BB81-40F3-8DF7-A2141AE87635} = {4EA6A34D-E4D6-4BDE-8B79-C7C73DF37BF0}
		{FFF24DE5-4E3D-4EAE-8060-3AF1DA97A80E} = {4EA6A34D-E4D6-4BDE-8B79-C7C73DF37BF0}
		{7AD14837-F657-4E4F-9944-97A9122DC4BD} = {4EA6A34D-E4D6-4BDE-8B79-C7C73DF37BF0}
		{AA6400CA-C237-4810-8B6C-28D8C0CC53DC} = {4EA6A34D-E4D6-4BDE-8B79-C7C73DF37BF0}
		{E054C875-D94B-4606-96A7-44A188D746FA} = {0C84FE8A-3AA7-43FA-B2CD-87B39AACB691}
		{C551D9D7-97F6-4407-959B-86AFC44D050B} = {0C84FE8A-3AA7-43FA-B2CD-87B39AACB691}
		{F5E39C8E-30E4-4D89-BACF-7C2DADA0108D} = {0C84FE8A-3AA7-43FA-B2CD-87B39AACB691}
		{47B58924-B2DB-47DA-9909-022CDE6ADB85} = {0C84FE8A-3AA7-43FA-B2CD-87B39AACB691}
		{D43FA8AD-D43D-417C-B26A-D37A3D281278} = {A2C7283F-B454-4BB8-B950-D20600517CBB}
		{ECB1FBCD-A5F1-4D0F-B55C-87923A1C282C} = {A2C7283F-B454-4BB8-B950-D20600517CBB}
		{04F6F2FC-F72F-4372-BB21-27210380DD53} = {A2C7283F-B454-4BB8-B950-D20600517CBB}
		{C2566292-D1F7-4B10-A83D-AC1A7C79B5F0} = {A2C7283F-B454-4BB8-B950-D20600517CBB}
		{6AFB3C4B-D13E-4F2F-9368-1C03C76597DA} = {498F08A5-EE18-4B6F-99AD-A46114CA6CA4}
		{0890D191-EA2F-4B49-9985-79DD08344FD1} = {498F08A5-EE18-4B6F-99AD-A46114CA6CA4}
		{B050FE7F-B2A8-4C64-B81A-1B27394CF1F3} = {498F08A5-EE18-4B6F-99AD-A46114CA6CA4}
		{D937E81C-9D6E-4EDE-A941-E759E9749AD3} = {498F08A5-EE18-4B6F-99AD-A46114CA6CA4}
		{905DE0F8-43DA-4EE9-AE05-7DC8B3176F2A} = {88303CFA-784F-4DE7-A5CF-314C7E696C71}
		{918D18F3-7F26-40A7-A7BD-C334CE8CADB5} = {88303CFA-784F-4DE7-A5CF-314C7E696C71}
		{087F8374-A842-46D2-A08D-3B38C2513F11} = {88303CFA-784F-4DE7-A5CF-314C7E696C71}
		{FCCB6437-BE40-4CDA-B83B-0AB4145ACF7A} = {88303CFA-784F-4DE7-A5CF-314C7E696C71}
		{584F1C81-4442-4354-A839-ABB852D0CDF2} = {88303CFA-784F-4DE7-A5CF-314C7E696C71}
		{872FFC61-E831-4A31-B368-362DF8B1C65A} = {88303CFA-784F-4DE7-A5CF-314C7E696C71}
		{07986AD4-7909-4C3E-AE93-1A03EA2F49E8} = {88303CFA-784F-4DE7-A5CF-314C7E696C71}
		{8DEF4A4D-D1D5-4D81-9B9B-829BC5D575B0} = {88303CFA-784F-4DE7-A5CF-314C7E696C71}
		{2FC68B3C-0884-4D19-A700-0275238F1F91} = {88303CFA-784F-4DE7-A5CF-314C7E696C71}
		{E30DDA46-DF04-4CC4-86A4-96CE1D0EF04C} = {0108D08A-3A49-4F18-8501-D465E6B09252}
		{8172F4F2-9A60-430F-BF2D-B1B91DDED930} = {0108D08A-3A49-4F18-8501-D465E6B09252}
		{177FE58E-FF72-4854-81E0-7F917FA6225E} = {0108D08A-3A49-4F18-8501-D465E6B09252}
		{EC282E03-6C0B-4F9E-8829-9B43EE5FA1AB} = {0108D08A-3A49-4F18-8501-D465E6B09252}
		{947F76B1-C3AE-434E-9760-F0D8CE55F650} = {0108D08A-3A49-4F18-8501-D465E6B09252}
		{774B8EAD-ADFC-4DD4-AC41-3B8E7405C92F} = {0108D08A-3A49-4F18-8501-D465E6B09252}
		{33F4DCA6-8229-48EB-8924-8BA0C4A1712B} = {0108D08A-3A49-4F18-8501-D465E6B09252}
		{25981EA9-9730-4A9B-A804-47975324AC06} = {A7DEDD52-591B-48FB-B5E5-B344BAD8801B}
		{E6C7851A-9A14-49C9-8E0D-ED8437E1B2FA} = {A7DEDD52-591B-48FB-B5E5-B344BAD8801B}
		{8316E014-D4BD-43DA-9D68-E726BD1E1358} = {A7DEDD52-591B-48FB-B5E5-B344BAD8801B}
		{2FE982C4-5EE8-4F12-A906-D88F68258283} = {A7DEDD52-591B-48FB-B5E5-B344BAD8801B}
		{0513D2F7-839D-4CD2-99CB-824F6A5C0C77} = {A7DEDD52-591B-48FB-B5E5-B344BAD8801B}
		{A265D73D-0E1E-44A9-8875-60842773680F} = {A7DEDD52-591B-48FB-B5E5-B344BAD8801B}
		{BB617057-E7B5-408F-9127-2DC035BB49FB} = {A7DEDD52-591B-48FB-B5E5-B344BAD8801B}
		{9ACE26E7-2DF4-48A4-8A71-2EAEDBAC16E0} = {A7DEDD52-591B-48FB-B5E5-B344BAD8801B}
		{1C76C968-9783-4218-8D80-D5796C0E990C} = {A7DEDD52-591B-48FB-B5E5-B344BAD8801B}
		{FD93E3A5-7C54-45A5-B47C-1CAD0E2122AB} = {A7DEDD52-591B-48FB-B5E5-B344BAD8801B}
		{E8E87581-1792-4B7C-8A21-8C0121213194} = {A7DEDD52-591B-48FB-B5E5-B344BAD8801B}
		{AACE8B4F-7712-495D-B7F1-57882AC35C67} = {A7DEDD52-591B-48FB-B5E5-B344BAD8801B}
		{78DEB711-3095-47FE-904F-3E0862995FB2} = {B1AE9DF2-637A-4B99-9842-53269B7D9C3A}
	EndGlobalSection
	GlobalSection(ExtensibilityGlobals) = postSolution
		SolutionGuid = {F596D385-8F2C-409A-B4F9-A815F1E00878}
	EndGlobalSection
EndGlobal
