
Microsoft Visual Studio Solution File, Format Version 12.00
# Visual Studio 15
VisualStudioVersion = 15.0.27130.2010
MinimumVisualStudioVersion = 10.0.40219.1
Project("{FAE04EC0-301F-11D3-BF4B-00C04F79EFBC}") = "BeginningCSharp7", "BeginningCSharp7\BeginningCSharp7.csproj", "{8A7EFE94-8099-47A8-B117-163D7878EB8F}"
EndProject
Project("{2150E333-8FDC-42A3-9474-1A3956D46DE8}") = "Chapter02", "Chapter02", "{927DB87C-9EB4-4EB9-A7E2-C52D2E5F0FF2}"
EndProject
Project("{FAE04EC0-301F-11D3-BF4B-00C04F79EFBC}") = "ConsoleApplication1", "..\Chapter02\ConsoleApplication1\ConsoleApplication1\ConsoleApplication1.csproj", "{AB6C570E-1C83-463D-9FC1-33A146E429D4}"
EndProject
Project("{FAE04EC0-301F-11D3-BF4B-00C04F79EFBC}") = "WpfApplication1", "..\Chapter02\WpfApplication1\WpfApplication1\WpfApplication1.csproj", "{09B77ADF-BF48-40F4-A46F-5B88E2CB369C}"
EndProject
Project("{2150E333-8FDC-42A3-9474-1A3956D46DE8}") = "Chapter03", "Chapter03", "{271B96BB-DD11-4F35-A91A-1C137ACEC19E}"
EndProject
Project("{FAE04EC0-301F-11D3-BF4B-00C04F79EFBC}") = "Ch03Ex01", "..\Chapter03\Ch03Ex01\Ch03Ex01\Ch03Ex01.csproj", "{0554BE79-7DEA-4DAC-900D-415AAD3660D5}"
EndProject
Project("{FAE04EC0-301F-11D3-BF4B-00C04F79EFBC}") = "Ch03Ex02", "..\Chapter03\Ch03Ex02\Ch03Ex02\Ch03Ex02.csproj", "{E41310F2-69B7-4D2D-A04C-F650970F619E}"
EndProject
Project("{2150E333-8FDC-42A3-9474-1A3956D46DE8}") = "Chapter04", "Chapter04", "{C7D66BC2-0034-485E-8830-404D1CF0194B}"
EndProject
Project("{FAE04EC0-301F-11D3-BF4B-00C04F79EFBC}") = "Ch04Ex01", "..\Chapter04\Ch04Ex01\Ch04Ex01\Ch04Ex01.csproj", "{7AFAE8E5-D94B-4694-ADC0-79750F6270E1}"
EndProject
Project("{FAE04EC0-301F-11D3-BF4B-00C04F79EFBC}") = "Ch04Ex02", "..\Chapter04\Ch04Ex02\Ch04Ex02\Ch04Ex02.csproj", "{B25DB790-CFAB-4B84-882B-DB1868212944}"
EndProject
Project("{FAE04EC0-301F-11D3-BF4B-00C04F79EFBC}") = "Ch04Ex03", "..\Chapter04\Ch04Ex03\Ch04Ex03\Ch04Ex03.csproj", "{689FB4DA-A08E-4A86-B77F-7FE88459B9D6}"
EndProject
Project("{FAE04EC0-301F-11D3-BF4B-00C04F79EFBC}") = "Ch04Ex04", "..\Chapter04\Ch04Ex04\Ch04Ex04\Ch04Ex04.csproj", "{688627FB-A814-4176-BBC6-26806FB32E0B}"
EndProject
Project("{FAE04EC0-301F-11D3-BF4B-00C04F79EFBC}") = "Ch04Ex05", "..\Chapter04\Ch04Ex05\Ch04Ex05\Ch04Ex05.csproj", "{0E2C233B-5BBB-404A-A6EE-AB6521E4CFA6}"
EndProject
Project("{2150E333-8FDC-42A3-9474-1A3956D46DE8}") = "Chapter05", "Chapter05", "{70E6E914-6C81-4077-AD38-5FF0CD5E94F4}"
EndProject
Project("{FAE04EC0-301F-11D3-BF4B-00C04F79EFBC}") = "Ch05Ex01", "..\Chapter05\Ch05Ex01\Ch05Ex01\Ch05Ex01.csproj", "{04525702-1467-41A7-BB60-CC73DFA8430B}"
EndProject
Project("{FAE04EC0-301F-11D3-BF4B-00C04F79EFBC}") = "Ch05Ex02", "..\Chapter05\Ch05Ex02\Ch05Ex02\Ch05Ex02.csproj", "{2905B5C8-778E-4921-AFD2-7C25738932F7}"
EndProject
Project("{FAE04EC0-301F-11D3-BF4B-00C04F79EFBC}") = "Ch05Ex03", "..\Chapter05\Ch05Ex03\Ch05Ex03\Ch05Ex03.csproj", "{EC1C2940-1F52-4DC1-9AEE-D2D7C168493C}"
EndProject
Project("{FAE04EC0-301F-11D3-BF4B-00C04F79EFBC}") = "Ch05Ex04", "..\Chapter05\Ch05Ex04\Ch05Ex04\Ch05Ex04.csproj", "{1A8D51F5-9844-4A33-AE28-E8AB3F6F480B}"
EndProject
Project("{FAE04EC0-301F-11D3-BF4B-00C04F79EFBC}") = "Ch05Ex05", "..\Chapter05\Ch05Ex05\Ch05Ex05\Ch05Ex05.csproj", "{28632EA2-82DA-4F4A-962D-1900598E133F}"
EndProject
Project("{FAE04EC0-301F-11D3-BF4B-00C04F79EFBC}") = "Ch05Ex06", "..\Chapter05\Ch05Ex06\Ch05Ex06.csproj", "{FDA78CE0-D605-4CE0-84BF-D98AA6D02CE9}"
EndProject
Project("{FAE04EC0-301F-11D3-BF4B-00C04F79EFBC}") = "OverflowCheckingContext", "..\Chapter05\OverflowCheckingContext\OverflowCheckingContext\OverflowCheckingContext.csproj", "{4A311B97-3A45-4487-B971-18CEC567C587}"
EndProject
Project("{2150E333-8FDC-42A3-9474-1A3956D46DE8}") = "Chapter06", "Chapter06", "{4EA6A34D-E4D6-4BDE-8B79-C7C73DF37BF0}"
EndProject
Project("{FAE04EC0-301F-11D3-BF4B-00C04F79EFBC}") = "Ch06Ex01", "..\Chapter06\Ch06Ex01\Ch06Ex01.csproj", "{38C207D2-EC4D-412C-BDB7-6ECDD7893B94}"
EndProject
Project("{FAE04EC0-301F-11D3-BF4B-00C04F79EFBC}") = "Ch06Ex02", "..\Chapter06\Ch06Ex02\Ch06Ex02.csproj", "{570407C1-6109-4570-8E4C-0C43F69674BF}"
EndProject
Project("{FAE04EC0-301F-11D3-BF4B-00C04F79EFBC}") = "Ch06Ex03", "..\Chapter06\Ch06Ex03\Ch06Ex03.csproj", "{BC2C37C6-5DB2-48AF-8E47-B4826E2A5BA2}"
EndProject
Project("{FAE04EC0-301F-11D3-BF4B-00C04F79EFBC}") = "Ch06Ex04", "..\Chapter06\Ch06Ex04\Ch06Ex04.csproj", "{1355DC6E-BB81-40F3-8DF7-A2141AE87635}"
EndProject
Project("{FAE04EC0-301F-11D3-BF4B-00C04F79EFBC}") = "Ch06Ex05", "..\Chapter06\Ch06Ex05\Ch06Ex05.csproj", "{FFF24DE5-4E3D-4EAE-8060-3AF1DA97A80E}"
EndProject
Project("{FAE04EC0-301F-11D3-BF4B-00C04F79EFBC}") = "MaxValueOverloads", "..\Chapter06\MaxValueOverloads\MaxValueOverloads.csproj", "{7AD14837-F657-4E4F-9944-97A9122DC4BD}"
EndProject
Project("{FAE04EC0-301F-11D3-BF4B-00C04F79EFBC}") = "VariableScopeInLoops", "..\Chapter06\VariableScopeInLoops\VariableScopeInLoops.csproj", "{AA6400CA-C237-4810-8B6C-28D8C0CC53DC}"
EndProject
Project("{2150E333-8FDC-42A3-9474-1A3956D46DE8}") = "Chapter07", "Chapter07", "{0C84FE8A-3AA7-43FA-B2CD-87B39AACB691}"
EndProject
Project("{FAE04EC0-301F-11D3-BF4B-00C04F79EFBC}") = "AssertionDemo", "..\Chapter07\AssertionDemo\AssertionDemo.csproj", "{E054C875-D94B-4606-96A7-44A188D746FA}"
EndProject
Project("{FAE04EC0-301F-11D3-BF4B-00C04F79EFBC}") = "Ch07Ex01", "..\Chapter07\Ch07Ex01\Ch07Ex01.csproj", "{C551D9D7-97F6-4407-959B-86AFC44D050B}"
EndProject
Project("{FAE04EC0-301F-11D3-BF4B-00C04F79EFBC}") = "Ch07Ex01TracePoints", "..\Chapter07\Ch07Ex01TracePoints\Ch07Ex01TracePoints.csproj", "{F5E39C8E-30E4-4D89-BACF-7C2DADA0108D}"
EndProject
Project("{FAE04EC0-301F-11D3-BF4B-00C04F79EFBC}") = "Ch07Ex02", "..\Chapter07\Ch07Ex02\Ch07Ex02.csproj", "{47B58924-B2DB-47DA-9909-022CDE6ADB85}"
EndProject
Global
	GlobalSection(SolutionConfigurationPlatforms) = preSolution
		Debug|Any CPU = Debug|Any CPU
		Release|Any CPU = Release|Any CPU
	EndGlobalSection
	GlobalSection(ProjectConfigurationPlatforms) = postSolution
		{8A7EFE94-8099-47A8-B117-163D7878EB8F}.Debug|Any CPU.ActiveCfg = Debug|Any CPU
		{8A7EFE94-8099-47A8-B117-163D7878EB8F}.Debug|Any CPU.Build.0 = Debug|Any CPU
		{8A7EFE94-8099-47A8-B117-163D7878EB8F}.Release|Any CPU.ActiveCfg = Release|Any CPU
		{8A7EFE94-8099-47A8-B117-163D7878EB8F}.Release|Any CPU.Build.0 = Release|Any CPU
		{AB6C570E-1C83-463D-9FC1-33A146E429D4}.Debug|Any CPU.ActiveCfg = Debug|Any CPU
		{AB6C570E-1C83-463D-9FC1-33A146E429D4}.Debug|Any CPU.Build.0 = Debug|Any CPU
		{AB6C570E-1C83-463D-9FC1-33A146E429D4}.Release|Any CPU.ActiveCfg = Release|Any CPU
		{AB6C570E-1C83-463D-9FC1-33A146E429D4}.Release|Any CPU.Build.0 = Release|Any CPU
		{09B77ADF-BF48-40F4-A46F-5B88E2CB369C}.Debug|Any CPU.ActiveCfg = Debug|Any CPU
		{09B77ADF-BF48-40F4-A46F-5B88E2CB369C}.Debug|Any CPU.Build.0 = Debug|Any CPU
		{09B77ADF-BF48-40F4-A46F-5B88E2CB369C}.Release|Any CPU.ActiveCfg = Release|Any CPU
		{09B77ADF-BF48-40F4-A46F-5B88E2CB369C}.Release|Any CPU.Build.0 = Release|Any CPU
		{0554BE79-7DEA-4DAC-900D-415AAD3660D5}.Debug|Any CPU.ActiveCfg = Debug|Any CPU
		{0554BE79-7DEA-4DAC-900D-415AAD3660D5}.Debug|Any CPU.Build.0 = Debug|Any CPU
		{0554BE79-7DEA-4DAC-900D-415AAD3660D5}.Release|Any CPU.ActiveCfg = Release|Any CPU
		{0554BE79-7DEA-4DAC-900D-415AAD3660D5}.Release|Any CPU.Build.0 = Release|Any CPU
		{E41310F2-69B7-4D2D-A04C-F650970F619E}.Debug|Any CPU.ActiveCfg = Debug|Any CPU
		{E41310F2-69B7-4D2D-A04C-F650970F619E}.Debug|Any CPU.Build.0 = Debug|Any CPU
		{E41310F2-69B7-4D2D-A04C-F650970F619E}.Release|Any CPU.ActiveCfg = Release|Any CPU
		{E41310F2-69B7-4D2D-A04C-F650970F619E}.Release|Any CPU.Build.0 = Release|Any CPU
		{7AFAE8E5-D94B-4694-ADC0-79750F6270E1}.Debug|Any CPU.ActiveCfg = Debug|Any CPU
		{7AFAE8E5-D94B-4694-ADC0-79750F6270E1}.Debug|Any CPU.Build.0 = Debug|Any CPU
		{7AFAE8E5-D94B-4694-ADC0-79750F6270E1}.Release|Any CPU.ActiveCfg = Release|Any CPU
		{7AFAE8E5-D94B-4694-ADC0-79750F6270E1}.Release|Any CPU.Build.0 = Release|Any CPU
		{B25DB790-CFAB-4B84-882B-DB1868212944}.Debug|Any CPU.ActiveCfg = Debug|Any CPU
		{B25DB790-CFAB-4B84-882B-DB1868212944}.Debug|Any CPU.Build.0 = Debug|Any CPU
		{B25DB790-CFAB-4B84-882B-DB1868212944}.Release|Any CPU.ActiveCfg = Release|Any CPU
		{B25DB790-CFAB-4B84-882B-DB1868212944}.Release|Any CPU.Build.0 = Release|Any CPU
		{689FB4DA-A08E-4A86-B77F-7FE88459B9D6}.Debug|Any CPU.ActiveCfg = Debug|Any CPU
		{689FB4DA-A08E-4A86-B77F-7FE88459B9D6}.Debug|Any CPU.Build.0 = Debug|Any CPU
		{689FB4DA-A08E-4A86-B77F-7FE88459B9D6}.Release|Any CPU.ActiveCfg = Release|Any CPU
		{689FB4DA-A08E-4A86-B77F-7FE88459B9D6}.Release|Any CPU.Build.0 = Release|Any CPU
		{688627FB-A814-4176-BBC6-26806FB32E0B}.Debug|Any CPU.ActiveCfg = Debug|Any CPU
		{688627FB-A814-4176-BBC6-26806FB32E0B}.Debug|Any CPU.Build.0 = Debug|Any CPU
		{688627FB-A814-4176-BBC6-26806FB32E0B}.Release|Any CPU.ActiveCfg = Release|Any CPU
		{688627FB-A814-4176-BBC6-26806FB32E0B}.Release|Any CPU.Build.0 = Release|Any CPU
		{0E2C233B-5BBB-404A-A6EE-AB6521E4CFA6}.Debug|Any CPU.ActiveCfg = Debug|Any CPU
		{0E2C233B-5BBB-404A-A6EE-AB6521E4CFA6}.Debug|Any CPU.Build.0 = Debug|Any CPU
		{0E2C233B-5BBB-404A-A6EE-AB6521E4CFA6}.Release|Any CPU.ActiveCfg = Release|Any CPU
		{0E2C233B-5BBB-404A-A6EE-AB6521E4CFA6}.Release|Any CPU.Build.0 = Release|Any CPU
		{04525702-1467-41A7-BB60-CC73DFA8430B}.Debug|Any CPU.ActiveCfg = Debug|Any CPU
		{04525702-1467-41A7-BB60-CC73DFA8430B}.Debug|Any CPU.Build.0 = Debug|Any CPU
		{04525702-1467-41A7-BB60-CC73DFA8430B}.Release|Any CPU.ActiveCfg = Release|Any CPU
		{04525702-1467-41A7-BB60-CC73DFA8430B}.Release|Any CPU.Build.0 = Release|Any CPU
		{2905B5C8-778E-4921-AFD2-7C25738932F7}.Debug|Any CPU.ActiveCfg = Debug|Any CPU
		{2905B5C8-778E-4921-AFD2-7C25738932F7}.Debug|Any CPU.Build.0 = Debug|Any CPU
		{2905B5C8-778E-4921-AFD2-7C25738932F7}.Release|Any CPU.ActiveCfg = Release|Any CPU
		{2905B5C8-778E-4921-AFD2-7C25738932F7}.Release|Any CPU.Build.0 = Release|Any CPU
		{EC1C2940-1F52-4DC1-9AEE-D2D7C168493C}.Debug|Any CPU.ActiveCfg = Debug|Any CPU
		{EC1C2940-1F52-4DC1-9AEE-D2D7C168493C}.Debug|Any CPU.Build.0 = Debug|Any CPU
		{EC1C2940-1F52-4DC1-9AEE-D2D7C168493C}.Release|Any CPU.ActiveCfg = Release|Any CPU
		{EC1C2940-1F52-4DC1-9AEE-D2D7C168493C}.Release|Any CPU.Build.0 = Release|Any CPU
		{1A8D51F5-9844-4A33-AE28-E8AB3F6F480B}.Debug|Any CPU.ActiveCfg = Debug|Any CPU
		{1A8D51F5-9844-4A33-AE28-E8AB3F6F480B}.Debug|Any CPU.Build.0 = Debug|Any CPU
		{1A8D51F5-9844-4A33-AE28-E8AB3F6F480B}.Release|Any CPU.ActiveCfg = Release|Any CPU
		{1A8D51F5-9844-4A33-AE28-E8AB3F6F480B}.Release|Any CPU.Build.0 = Release|Any CPU
		{28632EA2-82DA-4F4A-962D-1900598E133F}.Debug|Any CPU.ActiveCfg = Debug|Any CPU
		{28632EA2-82DA-4F4A-962D-1900598E133F}.Debug|Any CPU.Build.0 = Debug|Any CPU
		{28632EA2-82DA-4F4A-962D-1900598E133F}.Release|Any CPU.ActiveCfg = Release|Any CPU
		{28632EA2-82DA-4F4A-962D-1900598E133F}.Release|Any CPU.Build.0 = Release|Any CPU
		{FDA78CE0-D605-4CE0-84BF-D98AA6D02CE9}.Debug|Any CPU.ActiveCfg = Debug|Any CPU
		{FDA78CE0-D605-4CE0-84BF-D98AA6D02CE9}.Debug|Any CPU.Build.0 = Debug|Any CPU
		{FDA78CE0-D605-4CE0-84BF-D98AA6D02CE9}.Release|Any CPU.ActiveCfg = Release|Any CPU
		{FDA78CE0-D605-4CE0-84BF-D98AA6D02CE9}.Release|Any CPU.Build.0 = Release|Any CPU
		{4A311B97-3A45-4487-B971-18CEC567C587}.Debug|Any CPU.ActiveCfg = Debug|Any CPU
		{4A311B97-3A45-4487-B971-18CEC567C587}.Debug|Any CPU.Build.0 = Debug|Any CPU
		{4A311B97-3A45-4487-B971-18CEC567C587}.Release|Any CPU.ActiveCfg = Release|Any CPU
		{4A311B97-3A45-4487-B971-18CEC567C587}.Release|Any CPU.Build.0 = Release|Any CPU
		{38C207D2-EC4D-412C-BDB7-6ECDD7893B94}.Debug|Any CPU.ActiveCfg = Debug|Any CPU
		{38C207D2-EC4D-412C-BDB7-6ECDD7893B94}.Debug|Any CPU.Build.0 = Debug|Any CPU
		{38C207D2-EC4D-412C-BDB7-6ECDD7893B94}.Release|Any CPU.ActiveCfg = Release|Any CPU
		{38C207D2-EC4D-412C-BDB7-6ECDD7893B94}.Release|Any CPU.Build.0 = Release|Any CPU
		{570407C1-6109-4570-8E4C-0C43F69674BF}.Debug|Any CPU.ActiveCfg = Debug|Any CPU
		{570407C1-6109-4570-8E4C-0C43F69674BF}.Debug|Any CPU.Build.0 = Debug|Any CPU
		{570407C1-6109-4570-8E4C-0C43F69674BF}.Release|Any CPU.ActiveCfg = Release|Any CPU
		{570407C1-6109-4570-8E4C-0C43F69674BF}.Release|Any CPU.Build.0 = Release|Any CPU
		{BC2C37C6-5DB2-48AF-8E47-B4826E2A5BA2}.Debug|Any CPU.ActiveCfg = Debug|Any CPU
		{BC2C37C6-5DB2-48AF-8E47-B4826E2A5BA2}.Debug|Any CPU.Build.0 = Debug|Any CPU
		{BC2C37C6-5DB2-48AF-8E47-B4826E2A5BA2}.Release|Any CPU.ActiveCfg = Release|Any CPU
		{BC2C37C6-5DB2-48AF-8E47-B4826E2A5BA2}.Release|Any CPU.Build.0 = Release|Any CPU
		{1355DC6E-BB81-40F3-8DF7-A2141AE87635}.Debug|Any CPU.ActiveCfg = Debug|Any CPU
		{1355DC6E-BB81-40F3-8DF7-A2141AE87635}.Debug|Any CPU.Build.0 = Debug|Any CPU
		{1355DC6E-BB81-40F3-8DF7-A2141AE87635}.Release|Any CPU.ActiveCfg = Release|Any CPU
		{1355DC6E-BB81-40F3-8DF7-A2141AE87635}.Release|Any CPU.Build.0 = Release|Any CPU
		{FFF24DE5-4E3D-4EAE-8060-3AF1DA97A80E}.Debug|Any CPU.ActiveCfg = Debug|Any CPU
		{FFF24DE5-4E3D-4EAE-8060-3AF1DA97A80E}.Debug|Any CPU.Build.0 = Debug|Any CPU
		{FFF24DE5-4E3D-4EAE-8060-3AF1DA97A80E}.Release|Any CPU.ActiveCfg = Release|Any CPU
		{FFF24DE5-4E3D-4EAE-8060-3AF1DA97A80E}.Release|Any CPU.Build.0 = Release|Any CPU
		{7AD14837-F657-4E4F-9944-97A9122DC4BD}.Debug|Any CPU.ActiveCfg = Debug|Any CPU
		{7AD14837-F657-4E4F-9944-97A9122DC4BD}.Debug|Any CPU.Build.0 = Debug|Any CPU
		{7AD14837-F657-4E4F-9944-97A9122DC4BD}.Release|Any CPU.ActiveCfg = Release|Any CPU
		{7AD14837-F657-4E4F-9944-97A9122DC4BD}.Release|Any CPU.Build.0 = Release|Any CPU
		{AA6400CA-C237-4810-8B6C-28D8C0CC53DC}.Debug|Any CPU.ActiveCfg = Debug|Any CPU
		{AA6400CA-C237-4810-8B6C-28D8C0CC53DC}.Debug|Any CPU.Build.0 = Debug|Any CPU
		{AA6400CA-C237-4810-8B6C-28D8C0CC53DC}.Release|Any CPU.ActiveCfg = Release|Any CPU
		{AA6400CA-C237-4810-8B6C-28D8C0CC53DC}.Release|Any CPU.Build.0 = Release|Any CPU
		{E054C875-D94B-4606-96A7-44A188D746FA}.Debug|Any CPU.ActiveCfg = Debug|Any CPU
		{E054C875-D94B-4606-96A7-44A188D746FA}.Debug|Any CPU.Build.0 = Debug|Any CPU
		{E054C875-D94B-4606-96A7-44A188D746FA}.Release|Any CPU.ActiveCfg = Release|Any CPU
		{E054C875-D94B-4606-96A7-44A188D746FA}.Release|Any CPU.Build.0 = Release|Any CPU
		{C551D9D7-97F6-4407-959B-86AFC44D050B}.Debug|Any CPU.ActiveCfg = Debug|Any CPU
		{C551D9D7-97F6-4407-959B-86AFC44D050B}.Debug|Any CPU.Build.0 = Debug|Any CPU
		{C551D9D7-97F6-4407-959B-86AFC44D050B}.Release|Any CPU.ActiveCfg = Release|Any CPU
		{C551D9D7-97F6-4407-959B-86AFC44D050B}.Release|Any CPU.Build.0 = Release|Any CPU
		{F5E39C8E-30E4-4D89-BACF-7C2DADA0108D}.Debug|Any CPU.ActiveCfg = Debug|Any CPU
		{F5E39C8E-30E4-4D89-BACF-7C2DADA0108D}.Debug|Any CPU.Build.0 = Debug|Any CPU
		{F5E39C8E-30E4-4D89-BACF-7C2DADA0108D}.Release|Any CPU.ActiveCfg = Release|Any CPU
		{F5E39C8E-30E4-4D89-BACF-7C2DADA0108D}.Release|Any CPU.Build.0 = Release|Any CPU
		{47B58924-B2DB-47DA-9909-022CDE6ADB85}.Debug|Any CPU.ActiveCfg = Debug|Any CPU
		{47B58924-B2DB-47DA-9909-022CDE6ADB85}.Debug|Any CPU.Build.0 = Debug|Any CPU
		{47B58924-B2DB-47DA-9909-022CDE6ADB85}.Release|Any CPU.ActiveCfg = Release|Any CPU
		{47B58924-B2DB-47DA-9909-022CDE6ADB85}.Release|Any CPU.Build.0 = Release|Any CPU
	EndGlobalSection
	GlobalSection(SolutionProperties) = preSolution
		HideSolutionNode = FALSE
	EndGlobalSection
	GlobalSection(NestedProjects) = preSolution
		{AB6C570E-1C83-463D-9FC1-33A146E429D4} = {927DB87C-9EB4-4EB9-A7E2-C52D2E5F0FF2}
		{09B77ADF-BF48-40F4-A46F-5B88E2CB369C} = {927DB87C-9EB4-4EB9-A7E2-C52D2E5F0FF2}
		{0554BE79-7DEA-4DAC-900D-415AAD3660D5} = {271B96BB-DD11-4F35-A91A-1C137ACEC19E}
		{E41310F2-69B7-4D2D-A04C-F650970F619E} = {271B96BB-DD11-4F35-A91A-1C137ACEC19E}
		{7AFAE8E5-D94B-4694-ADC0-79750F6270E1} = {C7D66BC2-0034-485E-8830-404D1CF0194B}
		{B25DB790-CFAB-4B84-882B-DB1868212944} = {C7D66BC2-0034-485E-8830-404D1CF0194B}
		{689FB4DA-A08E-4A86-B77F-7FE88459B9D6} = {C7D66BC2-0034-485E-8830-404D1CF0194B}
		{688627FB-A814-4176-BBC6-26806FB32E0B} = {C7D66BC2-0034-485E-8830-404D1CF0194B}
		{0E2C233B-5BBB-404A-A6EE-AB6521E4CFA6} = {C7D66BC2-0034-485E-8830-404D1CF0194B}
		{04525702-1467-41A7-BB60-CC73DFA8430B} = {70E6E914-6C81-4077-AD38-5FF0CD5E94F4}
		{2905B5C8-778E-4921-AFD2-7C25738932F7} = {70E6E914-6C81-4077-AD38-5FF0CD5E94F4}
		{EC1C2940-1F52-4DC1-9AEE-D2D7C168493C} = {70E6E914-6C81-4077-AD38-5FF0CD5E94F4}
		{1A8D51F5-9844-4A33-AE28-E8AB3F6F480B} = {70E6E914-6C81-4077-AD38-5FF0CD5E94F4}
		{28632EA2-82DA-4F4A-962D-1900598E133F} = {70E6E914-6C81-4077-AD38-5FF0CD5E94F4}
		{FDA78CE0-D605-4CE0-84BF-D98AA6D02CE9} = {70E6E914-6C81-4077-AD38-5FF0CD5E94F4}
		{4A311B97-3A45-4487-B971-18CEC567C587} = {70E6E914-6C81-4077-AD38-5FF0CD5E94F4}
		{38C207D2-EC4D-412C-BDB7-6ECDD7893B94} = {4EA6A34D-E4D6-4BDE-8B79-C7C73DF37BF0}
		{570407C1-6109-4570-8E4C-0C43F69674BF} = {4EA6A34D-E4D6-4BDE-8B79-C7C73DF37BF0}
		{BC2C37C6-5DB2-48AF-8E47-B4826E2A5BA2} = {4EA6A34D-E4D6-4BDE-8B79-C7C73DF37BF0}
		{1355DC6E-BB81-40F3-8DF7-A2141AE87635} = {4EA6A34D-E4D6-4BDE-8B79-C7C73DF37BF0}
		{FFF24DE5-4E3D-4EAE-8060-3AF1DA97A80E} = {4EA6A34D-E4D6-4BDE-8B79-C7C73DF37BF0}
		{7AD14837-F657-4E4F-9944-97A9122DC4BD} = {4EA6A34D-E4D6-4BDE-8B79-C7C73DF37BF0}
		{AA6400CA-C237-4810-8B6C-28D8C0CC53DC} = {4EA6A34D-E4D6-4BDE-8B79-C7C73DF37BF0}
		{E054C875-D94B-4606-96A7-44A188D746FA} = {0C84FE8A-3AA7-43FA-B2CD-87B39AACB691}
		{C551D9D7-97F6-4407-959B-86AFC44D050B} = {0C84FE8A-3AA7-43FA-B2CD-87B39AACB691}
		{F5E39C8E-30E4-4D89-BACF-7C2DADA0108D} = {0C84FE8A-3AA7-43FA-B2CD-87B39AACB691}
		{47B58924-B2DB-47DA-9909-022CDE6ADB85} = {0C84FE8A-3AA7-43FA-B2CD-87B39AACB691}
	EndGlobalSection
	GlobalSection(ExtensibilityGlobals) = postSolution
		SolutionGuid = {F596D385-8F2C-409A-B4F9-A815F1E00878}
	EndGlobalSection
EndGlobal
