
Microsoft Visual Studio Solution File, Format Version 12.00
# Visual Studio 15
VisualStudioVersion = 15.0.27130.2010
MinimumVisualStudioVersion = 10.0.40219.1
Project("{FAE04EC0-301F-11D3-BF4B-00C04F79EFBC}") = "BeginningCSharp7", "BeginningCSharp7\BeginningCSharp7.csproj", "{8A7EFE94-8099-47A8-B117-163D7878EB8F}"
EndProject
Project("{2150E333-8FDC-42A3-9474-1A3956D46DE8}") = "Chapter02", "Chapter02", "{927DB87C-9EB4-4EB9-A7E2-C52D2E5F0FF2}"
EndProject
Project("{FAE04EC0-301F-11D3-BF4B-00C04F79EFBC}") = "ConsoleApplication1", "..\Chapter02\ConsoleApplication1\ConsoleApplication1\ConsoleApplication1.csproj", "{AB6C570E-1C83-463D-9FC1-33A146E429D4}"
EndProject
Project("{FAE04EC0-301F-11D3-BF4B-00C04F79EFBC}") = "WpfApplication1", "..\Chapter02\WpfApplication1\WpfApplication1\WpfApplication1.csproj", "{09B77ADF-BF48-40F4-A46F-5B88E2CB369C}"
EndProject
Global
	GlobalSection(SolutionConfigurationPlatforms) = preSolution
		Debug|Any CPU = Debug|Any CPU
		Release|Any CPU = Release|Any CPU
	EndGlobalSection
	GlobalSection(ProjectConfigurationPlatforms) = postSolution
		{8A7EFE94-8099-47A8-B117-163D7878EB8F}.Debug|Any CPU.ActiveCfg = Debug|Any CPU
		{8A7EFE94-8099-47A8-B117-163D7878EB8F}.Debug|Any CPU.Build.0 = Debug|Any CPU
		{8A7EFE94-8099-47A8-B117-163D7878EB8F}.Release|Any CPU.ActiveCfg = Release|Any CPU
		{8A7EFE94-8099-47A8-B117-163D7878EB8F}.Release|Any CPU.Build.0 = Release|Any CPU
		{AB6C570E-1C83-463D-9FC1-33A146E429D4}.Debug|Any CPU.ActiveCfg = Debug|Any CPU
		{AB6C570E-1C83-463D-9FC1-33A146E429D4}.Debug|Any CPU.Build.0 = Debug|Any CPU
		{AB6C570E-1C83-463D-9FC1-33A146E429D4}.Release|Any CPU.ActiveCfg = Release|Any CPU
		{AB6C570E-1C83-463D-9FC1-33A146E429D4}.Release|Any CPU.Build.0 = Release|Any CPU
		{09B77ADF-BF48-40F4-A46F-5B88E2CB369C}.Debug|Any CPU.ActiveCfg = Debug|Any CPU
		{09B77ADF-BF48-40F4-A46F-5B88E2CB369C}.Debug|Any CPU.Build.0 = Debug|Any CPU
		{09B77ADF-BF48-40F4-A46F-5B88E2CB369C}.Release|Any CPU.ActiveCfg = Release|Any CPU
		{09B77ADF-BF48-40F4-A46F-5B88E2CB369C}.Release|Any CPU.Build.0 = Release|Any CPU
	EndGlobalSection
	GlobalSection(SolutionProperties) = preSolution
		HideSolutionNode = FALSE
	EndGlobalSection
	GlobalSection(NestedProjects) = preSolution
		{AB6C570E-1C83-463D-9FC1-33A146E429D4} = {927DB87C-9EB4-4EB9-A7E2-C52D2E5F0FF2}
		{09B77ADF-BF48-40F4-A46F-5B88E2CB369C} = {927DB87C-9EB4-4EB9-A7E2-C52D2E5F0FF2}
	EndGlobalSection
	GlobalSection(ExtensibilityGlobals) = postSolution
		SolutionGuid = {F596D385-8F2C-409A-B4F9-A815F1E00878}
	EndGlobalSection
EndGlobal
