
Microsoft Visual Studio Solution File, Format Version 12.00
# Visual Studio 15
VisualStudioVersion = 15.0.26730.16
MinimumVisualStudioVersion = 10.0.40219.1
Project("{FAE04EC0-301F-11D3-BF4B-00C04F79EFBC}") = "BeginningCSharp7_23_1_CodeFirstDatabase", "BeginningCSharp7_23_1_CodeFirstDatabase\BeginningCSharp7_23_1_CodeFirstDatabase.csproj", "{FA03979B-4405-4A27-8CD5-C5493971C823}"
EndProject
Global
	GlobalSection(SolutionConfigurationPlatforms) = preSolution
		Debug|Any CPU = Debug|Any CPU
		Release|Any CPU = Release|Any CPU
	EndGlobalSection
	GlobalSection(ProjectConfigurationPlatforms) = postSolution
		{FA03979B-4405-4A27-8CD5-C5493971C823}.Debug|Any CPU.ActiveCfg = Debug|Any CPU
		{FA03979B-4405-4A27-8CD5-C5493971C823}.Debug|Any CPU.Build.0 = Debug|Any CPU
		{FA03979B-4405-4A27-8CD5-C5493971C823}.Release|Any CPU.ActiveCfg = Release|Any CPU
		{FA03979B-4405-4A27-8CD5-C5493971C823}.Release|Any CPU.Build.0 = Release|Any CPU
	EndGlobalSection
	GlobalSection(SolutionProperties) = preSolution
		HideSolutionNode = FALSE
	EndGlobalSection
	GlobalSection(ExtensibilityGlobals) = postSolution
		SolutionGuid = {4EA72365-43BA-4BE7-BD15-72C42B03A536}
	EndGlobalSection
EndGlobal
