
Microsoft Visual Studio Solution File, Format Version 12.00
# Visual Studio 15
VisualStudioVersion = 15.0.26430.16
MinimumVisualStudioVersion = 10.0.40219.1
Project("{FAE04EC0-301F-11D3-BF4B-00C04F79EFBC}") = "KarliCards.Gui", "KarliCards.Gui\KarliCards.Gui.csproj", "{101CC73A-1A9D-44FC-A175-A39B812DDA14}"
EndProject
Project("{FAE04EC0-301F-11D3-BF4B-00C04F79EFBC}") = "Ch13CardLib", "Ch13CardLib\Ch13CardLib.csproj", "{E6C7851A-9A14-49C9-8E0D-ED8437E1B2FA}"
EndProject
Global
	GlobalSection(SolutionConfigurationPlatforms) = preSolution
		Debug|Any CPU = Debug|Any CPU
		Release|Any CPU = Release|Any CPU
	EndGlobalSection
	GlobalSection(ProjectConfigurationPlatforms) = postSolution
		{101CC73A-1A9D-44FC-A175-A39B812DDA14}.Debug|Any CPU.ActiveCfg = Debug|Any CPU
		{101CC73A-1A9D-44FC-A175-A39B812DDA14}.Debug|Any CPU.Build.0 = Debug|Any CPU
		{101CC73A-1A9D-44FC-A175-A39B812DDA14}.Release|Any CPU.ActiveCfg = Release|Any CPU
		{101CC73A-1A9D-44FC-A175-A39B812DDA14}.Release|Any CPU.Build.0 = Release|Any CPU
		{E6C7851A-9A14-49C9-8E0D-ED8437E1B2FA}.Debug|Any CPU.ActiveCfg = Debug|Any CPU
		{E6C7851A-9A14-49C9-8E0D-ED8437E1B2FA}.Debug|Any CPU.Build.0 = Debug|Any CPU
		{E6C7851A-9A14-49C9-8E0D-ED8437E1B2FA}.Release|Any CPU.ActiveCfg = Release|Any CPU
		{E6C7851A-9A14-49C9-8E0D-ED8437E1B2FA}.Release|Any CPU.Build.0 = Release|Any CPU
	EndGlobalSection
	GlobalSection(SolutionProperties) = preSolution
		HideSolutionNode = FALSE
	EndGlobalSection
EndGlobal
