
Microsoft Visual Studio Solution File, Format Version 12.00
# Visual Studio 15
VisualStudioVersion = 15.0.26730.16
MinimumVisualStudioVersion = 10.0.40219.1
Project("{FAE04EC0-301F-11D3-BF4B-00C04F79EFBC}") = "BeginningCSharp7_22_5_OrderQueryResults", "BeginningCSharp7_22_5_OrderQueryResults\BeginningCSharp7_22_5_OrderQueryResults.csproj", "{574E96C2-360B-4576-BD51-427FFB16DFAB}"
EndProject
Global
	GlobalSection(SolutionConfigurationPlatforms) = preSolution
		Debug|Any CPU = Debug|Any CPU
		Release|Any CPU = Release|Any CPU
	EndGlobalSection
	GlobalSection(ProjectConfigurationPlatforms) = postSolution
		{574E96C2-360B-4576-BD51-427FFB16DFAB}.Debug|Any CPU.ActiveCfg = Debug|Any CPU
		{574E96C2-360B-4576-BD51-427FFB16DFAB}.Debug|Any CPU.Build.0 = Debug|Any CPU
		{574E96C2-360B-4576-BD51-427FFB16DFAB}.Release|Any CPU.ActiveCfg = Release|Any CPU
		{574E96C2-360B-4576-BD51-427FFB16DFAB}.Release|Any CPU.Build.0 = Release|Any CPU
	EndGlobalSection
	GlobalSection(SolutionProperties) = preSolution
		HideSolutionNode = FALSE
	EndGlobalSection
	GlobalSection(ExtensibilityGlobals) = postSolution
		SolutionGuid = {9A927C32-ED58-4FAE-B3E9-A4D56ECCDFC1}
	EndGlobalSection
EndGlobal
