
Microsoft Visual Studio Solution File, Format Version 12.00
# Visual Studio 15
VisualStudioVersion = 15.0.26730.16
MinimumVisualStudioVersion = 10.0.40219.1
Project("{FAE04EC0-301F-11D3-BF4B-00C04F79EFBC}") = "BeginningCSharp7_22_8_SelectDistinctQuery", "BeginningCSharp7_22_8_SelectDistinctQuery\BeginningCSharp7_22_8_SelectDistinctQuery.csproj", "{3E6CA014-15CD-4B36-A9A5-8B7AA01BFFC8}"
EndProject
Global
	GlobalSection(SolutionConfigurationPlatforms) = preSolution
		Debug|Any CPU = Debug|Any CPU
		Release|Any CPU = Release|Any CPU
	EndGlobalSection
	GlobalSection(ProjectConfigurationPlatforms) = postSolution
		{3E6CA014-15CD-4B36-A9A5-8B7AA01BFFC8}.Debug|Any CPU.ActiveCfg = Debug|Any CPU
		{3E6CA014-15CD-4B36-A9A5-8B7AA01BFFC8}.Debug|Any CPU.Build.0 = Debug|Any CPU
		{3E6CA014-15CD-4B36-A9A5-8B7AA01BFFC8}.Release|Any CPU.ActiveCfg = Release|Any CPU
		{3E6CA014-15CD-4B36-A9A5-8B7AA01BFFC8}.Release|Any CPU.Build.0 = Release|Any CPU
	EndGlobalSection
	GlobalSection(SolutionProperties) = preSolution
		HideSolutionNode = FALSE
	EndGlobalSection
	GlobalSection(ExtensibilityGlobals) = postSolution
		SolutionGuid = {7E5A8FBD-13E0-4D8B-8CBE-A919B2639D8C}
	EndGlobalSection
EndGlobal
