
Microsoft Visual Studio Solution File, Format Version 12.00
# Visual Studio 15
VisualStudioVersion = 15.0.26430.16
MinimumVisualStudioVersion = 10.0.40219.1
Project("{FAE04EC0-301F-11D3-BF4B-00C04F79EFBC}") = "Ch24Ex03", "Ch24Ex03\Ch24Ex03.csproj", "{CD63E690-38B9-432E-8EEE-EDB1E9599715}"
EndProject
Project("{FAE04EC0-301F-11D3-BF4B-00C04F79EFBC}") = "Ch24Ex03Client", "Ch24Ex03Client\Ch24Ex03Client.csproj", "{F7ACC40F-68D3-47DA-9458-594AC9B22757}"
EndProject
Global
	GlobalSection(SolutionConfigurationPlatforms) = preSolution
		Debug|Any CPU = Debug|Any CPU
		Release|Any CPU = Release|Any CPU
	EndGlobalSection
	GlobalSection(ProjectConfigurationPlatforms) = postSolution
		{CD63E690-38B9-432E-8EEE-EDB1E9599715}.Debug|Any CPU.ActiveCfg = Debug|Any CPU
		{CD63E690-38B9-432E-8EEE-EDB1E9599715}.Debug|Any CPU.Build.0 = Debug|Any CPU
		{CD63E690-38B9-432E-8EEE-EDB1E9599715}.Release|Any CPU.ActiveCfg = Release|Any CPU
		{CD63E690-38B9-432E-8EEE-EDB1E9599715}.Release|Any CPU.Build.0 = Release|Any CPU
		{F7ACC40F-68D3-47DA-9458-594AC9B22757}.Debug|Any CPU.ActiveCfg = Debug|Any CPU
		{F7ACC40F-68D3-47DA-9458-594AC9B22757}.Debug|Any CPU.Build.0 = Debug|Any CPU
		{F7ACC40F-68D3-47DA-9458-594AC9B22757}.Release|Any CPU.ActiveCfg = Release|Any CPU
		{F7ACC40F-68D3-47DA-9458-594AC9B22757}.Release|Any CPU.Build.0 = Release|Any CPU
	EndGlobalSection
	GlobalSection(SolutionProperties) = preSolution
		HideSolutionNode = FALSE
	EndGlobalSection
EndGlobal
